
Microsoft Visual Studio Solution File, Format Version 12.00
# Visual Studio 15
VisualStudioVersion = 15.0.27004.2006
MinimumVisualStudioVersion = 10.0.40219.1
Project("{2150E333-8FDC-42A3-9474-1A3956D46DE8}") = "1-Presentacion", "1-Presentacion", "{E6045443-113F-4513-A492-2853F7041964}"
EndProject
Project("{2150E333-8FDC-42A3-9474-1A3956D46DE8}") = "Xamarin", "Xamarin", "{BB815ECF-9B66-4A80-8F84-AB4F6D183FD8}"
EndProject
Project("{2150E333-8FDC-42A3-9474-1A3956D46DE8}") = "MVC", "MVC", "{7C5B149F-E61E-4045-AF8C-B9380FD64E36}"
EndProject
Project("{FAE04EC0-301F-11D3-BF4B-00C04F79EFBC}") = "Xpinn.SportsGo.MVC", "Xpinn.SportsGo.MVC\Xpinn.SportsGo.MVC.csproj", "{9904BFE1-B8BD-45E8-B097-439116B3D4D2}"
EndProject
Project("{FAE04EC0-301F-11D3-BF4B-00C04F79EFBC}") = "Xpinn.SportsGo.MVC.Tests", "Xpinn.SportsGo.MVC.Tests\Xpinn.SportsGo.MVC.Tests.csproj", "{B839A342-DE91-492A-BC87-CE26F0C3D5A4}"
EndProject
Project("{2150E333-8FDC-42A3-9474-1A3956D46DE8}") = "2-Services", "2-Services", "{13D9705D-13CC-4716-8283-C3CEA8E98356}"
EndProject
Project("{2150E333-8FDC-42A3-9474-1A3956D46DE8}") = "3-WebServices", "3-WebServices", "{400341F2-D91C-45CC-906E-699917AC00F1}"
EndProject
Project("{FAE04EC0-301F-11D3-BF4B-00C04F79EFBC}") = "Xpinn.SportsGo.WebAPI", "Xpinn.SportsGo.WebAPI\Xpinn.SportsGo.WebAPI.csproj", "{95FB68FE-0602-479D-ABC8-1E2B72ECB653}"
EndProject
Project("{FAE04EC0-301F-11D3-BF4B-00C04F79EFBC}") = "Xpinn.SportsGo.WebAPI.Tests", "Xpinn.SportsGo.WebAPI.Tests\Xpinn.SportsGo.WebAPI.Tests.csproj", "{FD7FFBBA-3363-43FB-B6E2-C8E17D8C9D70}"
EndProject
Project("{2150E333-8FDC-42A3-9474-1A3956D46DE8}") = "4-Business", "4-Business", "{8F10E443-31D8-4E3D-8F44-B480FBFB3684}"
EndProject
Project("{2150E333-8FDC-42A3-9474-1A3956D46DE8}") = "5-Repositories", "5-Repositories", "{BE170871-24C9-4757-A46A-F32201A2ADAD}"
EndProject
Project("{2150E333-8FDC-42A3-9474-1A3956D46DE8}") = "7-Util", "7-Util", "{8660C337-3F0F-4820-BEB0-FAA163D8A267}"
EndProject
Project("{2150E333-8FDC-42A3-9474-1A3956D46DE8}") = "8-UnitTests", "8-UnitTests", "{5C193E57-7BA2-4629-A160-1A9523472F0A}"
EndProject
Project("{FAE04EC0-301F-11D3-BF4B-00C04F79EFBC}") = "Xpinn.SportsGo.Movil.Android", "Xpinn.SportsGo.Movil\Xpinn.SportsGo.Movil.Android\Xpinn.SportsGo.Movil.Android.csproj", "{58687437-C986-4668-AA41-B83F2BA99F3D}"
EndProject
Project("{FAE04EC0-301F-11D3-BF4B-00C04F79EFBC}") = "Xpinn.SportsGo.Movil.iOS", "Xpinn.SportsGo.Movil\Xpinn.SportsGo.Movil.iOS\Xpinn.SportsGo.Movil.iOS.csproj", "{6C971484-ED20-4D93-8197-7A3886C49C57}"
EndProject
Project("{2150E333-8FDC-42A3-9474-1A3956D46DE8}") = "6-Entities", "6-Entities", "{4A022C83-B9CA-4759-93B2-2B3DD6955354}"
EndProject
Project("{FAE04EC0-301F-11D3-BF4B-00C04F79EFBC}") = "Xpinn.SportsGo.Movil", "Xpinn.SportsGo.Movil\Xpinn.SportsGo.Movil\Xpinn.SportsGo.Movil.csproj", "{84CCF95E-CDD8-4D81-B7DF-EB6E0C69461E}"
EndProject
Project("{FAE04EC0-301F-11D3-BF4B-00C04F79EFBC}") = "Xpinn.SportsGo.Entities", "Xpinn.SportsGo.Entities\Xpinn.SportsGo.Entities.csproj", "{67F9D3A8-F71E-4428-913F-C37AE82CDB24}"
EndProject
Project("{FAE04EC0-301F-11D3-BF4B-00C04F79EFBC}") = "Xpinn.SportsGo.Util", "Xpinn.SportsGo.Util\Xpinn.SportsGo.Util.csproj", "{8287DD45-2196-416A-8811-B8AC4A7886C1}"
EndProject
Project("{FAE04EC0-301F-11D3-BF4B-00C04F79EFBC}") = "Xpinn.SportsGo.Services", "Xpinn.SportsGo.Services\Xpinn.SportsGo.Services.csproj", "{28403A86-5D02-493C-8BAE-5D868F050EDD}"
EndProject
Project("{FAE04EC0-301F-11D3-BF4B-00C04F79EFBC}") = "Xpinn.SportsGo.Util.Portable", "Xpinn.SportsGo.Util.Portable\Xpinn.SportsGo.Util.Portable.csproj", "{B6187674-C17F-4422-915D-DE97758A3532}"
EndProject
Project("{FAE04EC0-301F-11D3-BF4B-00C04F79EFBC}") = "Xpinn.SportsGo.Util.Tests", "Xpinn.SportsGo.Util.Tests\Xpinn.SportsGo.Util.Tests.csproj", "{FE6300DF-5385-4258-98F8-52005F9E9736}"
EndProject
Project("{FAE04EC0-301F-11D3-BF4B-00C04F79EFBC}") = "Xpinn.SportsGo.Repositories", "Xpinn.SportsGo.Repositories\Xpinn.SportsGo.Repositories.csproj", "{09A6DA44-C447-4189-83FF-A19CFF9F1C5D}"
EndProject
Project("{FAE04EC0-301F-11D3-BF4B-00C04F79EFBC}") = "Xpinn.SportsGo.Business", "Xpinn.SportsGo.Business\Xpinn.SportsGo.Business.csproj", "{B18DC686-F0D0-4ACE-B37A-C769BC3B47F5}"
EndProject
Project("{2150E333-8FDC-42A3-9474-1A3956D46DE8}") = "9- IntegrationTests", "9- IntegrationTests", "{CEC39B6C-BC3D-4F2F-80C0-02BFF930A5BC}"
EndProject
Project("{FAE04EC0-301F-11D3-BF4B-00C04F79EFBC}") = "Xpinn.SportsGo.Repositories.Tests", "Xpinn.SportsGo.Repositories.Tests\Xpinn.SportsGo.Repositories.Tests.csproj", "{98437592-AF6B-45D7-80CE-653938BB2EFD}"
EndProject
Project("{FAE04EC0-301F-11D3-BF4B-00C04F79EFBC}") = "Xpinn.SportsGo.Services.Tests", "Xpinn.SportsGo.Services.Tests\Xpinn.SportsGo.Services.Tests.csproj", "{51CC8F2B-E795-4C38-BA7E-8010EF1100F7}"
EndProject
Project("{FAE04EC0-301F-11D3-BF4B-00C04F79EFBC}") = "Xpinn.SportsGo.DomainEntities", "Xpinn.SportsGo.DomainEntities\Xpinn.SportsGo.DomainEntities.csproj", "{86B9A8C5-D120-4795-888C-30EE771D1071}"
EndProject
Project("{FAE04EC0-301F-11D3-BF4B-00C04F79EFBC}") = "Xpinn.SportsGo.Business.Test", "Xpinn.SportsGo.Business.Test\Xpinn.SportsGo.Business.Test.csproj", "{C9ACA67A-8ABE-4252-8D7C-EAFBB471EBA2}"
EndProject
Global
	GlobalSection(SolutionConfigurationPlatforms) = preSolution
		Ad-Hoc|Any CPU = Ad-Hoc|Any CPU
		Ad-Hoc|ARM = Ad-Hoc|ARM
		Ad-Hoc|iPhone = Ad-Hoc|iPhone
		Ad-Hoc|iPhoneSimulator = Ad-Hoc|iPhoneSimulator
		Ad-Hoc|x64 = Ad-Hoc|x64
		Ad-Hoc|x86 = Ad-Hoc|x86
		AppStore|Any CPU = AppStore|Any CPU
		AppStore|ARM = AppStore|ARM
		AppStore|iPhone = AppStore|iPhone
		AppStore|iPhoneSimulator = AppStore|iPhoneSimulator
		AppStore|x64 = AppStore|x64
		AppStore|x86 = AppStore|x86
		Debug|Any CPU = Debug|Any CPU
		Debug|ARM = Debug|ARM
		Debug|iPhone = Debug|iPhone
		Debug|iPhoneSimulator = Debug|iPhoneSimulator
		Debug|x64 = Debug|x64
		Debug|x86 = Debug|x86
		Release|Any CPU = Release|Any CPU
		Release|ARM = Release|ARM
		Release|iPhone = Release|iPhone
		Release|iPhoneSimulator = Release|iPhoneSimulator
		Release|x64 = Release|x64
		Release|x86 = Release|x86
	EndGlobalSection
	GlobalSection(ProjectConfigurationPlatforms) = postSolution
		{9904BFE1-B8BD-45E8-B097-439116B3D4D2}.Ad-Hoc|Any CPU.ActiveCfg = Release|Any CPU
		{9904BFE1-B8BD-45E8-B097-439116B3D4D2}.Ad-Hoc|Any CPU.Build.0 = Release|Any CPU
		{9904BFE1-B8BD-45E8-B097-439116B3D4D2}.Ad-Hoc|ARM.ActiveCfg = Release|Any CPU
		{9904BFE1-B8BD-45E8-B097-439116B3D4D2}.Ad-Hoc|ARM.Build.0 = Release|Any CPU
		{9904BFE1-B8BD-45E8-B097-439116B3D4D2}.Ad-Hoc|iPhone.ActiveCfg = Release|Any CPU
		{9904BFE1-B8BD-45E8-B097-439116B3D4D2}.Ad-Hoc|iPhone.Build.0 = Release|Any CPU
		{9904BFE1-B8BD-45E8-B097-439116B3D4D2}.Ad-Hoc|iPhoneSimulator.ActiveCfg = Release|Any CPU
		{9904BFE1-B8BD-45E8-B097-439116B3D4D2}.Ad-Hoc|iPhoneSimulator.Build.0 = Release|Any CPU
		{9904BFE1-B8BD-45E8-B097-439116B3D4D2}.Ad-Hoc|x64.ActiveCfg = Release|Any CPU
		{9904BFE1-B8BD-45E8-B097-439116B3D4D2}.Ad-Hoc|x64.Build.0 = Release|Any CPU
		{9904BFE1-B8BD-45E8-B097-439116B3D4D2}.Ad-Hoc|x86.ActiveCfg = Release|Any CPU
		{9904BFE1-B8BD-45E8-B097-439116B3D4D2}.Ad-Hoc|x86.Build.0 = Release|Any CPU
		{9904BFE1-B8BD-45E8-B097-439116B3D4D2}.AppStore|Any CPU.ActiveCfg = Release|Any CPU
		{9904BFE1-B8BD-45E8-B097-439116B3D4D2}.AppStore|Any CPU.Build.0 = Release|Any CPU
		{9904BFE1-B8BD-45E8-B097-439116B3D4D2}.AppStore|ARM.ActiveCfg = Release|Any CPU
		{9904BFE1-B8BD-45E8-B097-439116B3D4D2}.AppStore|ARM.Build.0 = Release|Any CPU
		{9904BFE1-B8BD-45E8-B097-439116B3D4D2}.AppStore|iPhone.ActiveCfg = Release|Any CPU
		{9904BFE1-B8BD-45E8-B097-439116B3D4D2}.AppStore|iPhone.Build.0 = Release|Any CPU
		{9904BFE1-B8BD-45E8-B097-439116B3D4D2}.AppStore|iPhoneSimulator.ActiveCfg = Release|Any CPU
		{9904BFE1-B8BD-45E8-B097-439116B3D4D2}.AppStore|iPhoneSimulator.Build.0 = Release|Any CPU
		{9904BFE1-B8BD-45E8-B097-439116B3D4D2}.AppStore|x64.ActiveCfg = Release|Any CPU
		{9904BFE1-B8BD-45E8-B097-439116B3D4D2}.AppStore|x64.Build.0 = Release|Any CPU
		{9904BFE1-B8BD-45E8-B097-439116B3D4D2}.AppStore|x86.ActiveCfg = Release|Any CPU
		{9904BFE1-B8BD-45E8-B097-439116B3D4D2}.AppStore|x86.Build.0 = Release|Any CPU
		{9904BFE1-B8BD-45E8-B097-439116B3D4D2}.Debug|Any CPU.ActiveCfg = Debug|Any CPU
		{9904BFE1-B8BD-45E8-B097-439116B3D4D2}.Debug|Any CPU.Build.0 = Debug|Any CPU
		{9904BFE1-B8BD-45E8-B097-439116B3D4D2}.Debug|ARM.ActiveCfg = Debug|Any CPU
		{9904BFE1-B8BD-45E8-B097-439116B3D4D2}.Debug|ARM.Build.0 = Debug|Any CPU
		{9904BFE1-B8BD-45E8-B097-439116B3D4D2}.Debug|iPhone.ActiveCfg = Debug|Any CPU
		{9904BFE1-B8BD-45E8-B097-439116B3D4D2}.Debug|iPhone.Build.0 = Debug|Any CPU
		{9904BFE1-B8BD-45E8-B097-439116B3D4D2}.Debug|iPhoneSimulator.ActiveCfg = Debug|Any CPU
		{9904BFE1-B8BD-45E8-B097-439116B3D4D2}.Debug|x64.ActiveCfg = Debug|Any CPU
		{9904BFE1-B8BD-45E8-B097-439116B3D4D2}.Debug|x64.Build.0 = Debug|Any CPU
		{9904BFE1-B8BD-45E8-B097-439116B3D4D2}.Debug|x86.ActiveCfg = Debug|Any CPU
		{9904BFE1-B8BD-45E8-B097-439116B3D4D2}.Debug|x86.Build.0 = Debug|Any CPU
		{9904BFE1-B8BD-45E8-B097-439116B3D4D2}.Release|Any CPU.ActiveCfg = Release|Any CPU
		{9904BFE1-B8BD-45E8-B097-439116B3D4D2}.Release|ARM.ActiveCfg = Release|Any CPU
		{9904BFE1-B8BD-45E8-B097-439116B3D4D2}.Release|ARM.Build.0 = Release|Any CPU
		{9904BFE1-B8BD-45E8-B097-439116B3D4D2}.Release|iPhone.ActiveCfg = Release|Any CPU
		{9904BFE1-B8BD-45E8-B097-439116B3D4D2}.Release|iPhone.Build.0 = Release|Any CPU
		{9904BFE1-B8BD-45E8-B097-439116B3D4D2}.Release|iPhoneSimulator.ActiveCfg = Release|Any CPU
		{9904BFE1-B8BD-45E8-B097-439116B3D4D2}.Release|iPhoneSimulator.Build.0 = Release|Any CPU
		{9904BFE1-B8BD-45E8-B097-439116B3D4D2}.Release|x64.ActiveCfg = Release|Any CPU
		{9904BFE1-B8BD-45E8-B097-439116B3D4D2}.Release|x64.Build.0 = Release|Any CPU
		{9904BFE1-B8BD-45E8-B097-439116B3D4D2}.Release|x86.ActiveCfg = Release|Any CPU
		{9904BFE1-B8BD-45E8-B097-439116B3D4D2}.Release|x86.Build.0 = Release|Any CPU
		{B839A342-DE91-492A-BC87-CE26F0C3D5A4}.Ad-Hoc|Any CPU.ActiveCfg = Release|Any CPU
		{B839A342-DE91-492A-BC87-CE26F0C3D5A4}.Ad-Hoc|Any CPU.Build.0 = Release|Any CPU
		{B839A342-DE91-492A-BC87-CE26F0C3D5A4}.Ad-Hoc|ARM.ActiveCfg = Release|Any CPU
		{B839A342-DE91-492A-BC87-CE26F0C3D5A4}.Ad-Hoc|ARM.Build.0 = Release|Any CPU
		{B839A342-DE91-492A-BC87-CE26F0C3D5A4}.Ad-Hoc|iPhone.ActiveCfg = Release|Any CPU
		{B839A342-DE91-492A-BC87-CE26F0C3D5A4}.Ad-Hoc|iPhone.Build.0 = Release|Any CPU
		{B839A342-DE91-492A-BC87-CE26F0C3D5A4}.Ad-Hoc|iPhoneSimulator.ActiveCfg = Release|Any CPU
		{B839A342-DE91-492A-BC87-CE26F0C3D5A4}.Ad-Hoc|iPhoneSimulator.Build.0 = Release|Any CPU
		{B839A342-DE91-492A-BC87-CE26F0C3D5A4}.Ad-Hoc|x64.ActiveCfg = Release|Any CPU
		{B839A342-DE91-492A-BC87-CE26F0C3D5A4}.Ad-Hoc|x64.Build.0 = Release|Any CPU
		{B839A342-DE91-492A-BC87-CE26F0C3D5A4}.Ad-Hoc|x86.ActiveCfg = Release|Any CPU
		{B839A342-DE91-492A-BC87-CE26F0C3D5A4}.Ad-Hoc|x86.Build.0 = Release|Any CPU
		{B839A342-DE91-492A-BC87-CE26F0C3D5A4}.AppStore|Any CPU.ActiveCfg = Release|Any CPU
		{B839A342-DE91-492A-BC87-CE26F0C3D5A4}.AppStore|Any CPU.Build.0 = Release|Any CPU
		{B839A342-DE91-492A-BC87-CE26F0C3D5A4}.AppStore|ARM.ActiveCfg = Release|Any CPU
		{B839A342-DE91-492A-BC87-CE26F0C3D5A4}.AppStore|ARM.Build.0 = Release|Any CPU
		{B839A342-DE91-492A-BC87-CE26F0C3D5A4}.AppStore|iPhone.ActiveCfg = Release|Any CPU
		{B839A342-DE91-492A-BC87-CE26F0C3D5A4}.AppStore|iPhone.Build.0 = Release|Any CPU
		{B839A342-DE91-492A-BC87-CE26F0C3D5A4}.AppStore|iPhoneSimulator.ActiveCfg = Release|Any CPU
		{B839A342-DE91-492A-BC87-CE26F0C3D5A4}.AppStore|iPhoneSimulator.Build.0 = Release|Any CPU
		{B839A342-DE91-492A-BC87-CE26F0C3D5A4}.AppStore|x64.ActiveCfg = Release|Any CPU
		{B839A342-DE91-492A-BC87-CE26F0C3D5A4}.AppStore|x64.Build.0 = Release|Any CPU
		{B839A342-DE91-492A-BC87-CE26F0C3D5A4}.AppStore|x86.ActiveCfg = Release|Any CPU
		{B839A342-DE91-492A-BC87-CE26F0C3D5A4}.AppStore|x86.Build.0 = Release|Any CPU
		{B839A342-DE91-492A-BC87-CE26F0C3D5A4}.Debug|Any CPU.ActiveCfg = Debug|Any CPU
		{B839A342-DE91-492A-BC87-CE26F0C3D5A4}.Debug|ARM.ActiveCfg = Debug|Any CPU
		{B839A342-DE91-492A-BC87-CE26F0C3D5A4}.Debug|ARM.Build.0 = Debug|Any CPU
		{B839A342-DE91-492A-BC87-CE26F0C3D5A4}.Debug|iPhone.ActiveCfg = Debug|Any CPU
		{B839A342-DE91-492A-BC87-CE26F0C3D5A4}.Debug|iPhone.Build.0 = Debug|Any CPU
		{B839A342-DE91-492A-BC87-CE26F0C3D5A4}.Debug|iPhoneSimulator.ActiveCfg = Debug|Any CPU
		{B839A342-DE91-492A-BC87-CE26F0C3D5A4}.Debug|x64.ActiveCfg = Debug|Any CPU
		{B839A342-DE91-492A-BC87-CE26F0C3D5A4}.Debug|x64.Build.0 = Debug|Any CPU
		{B839A342-DE91-492A-BC87-CE26F0C3D5A4}.Debug|x86.ActiveCfg = Debug|Any CPU
		{B839A342-DE91-492A-BC87-CE26F0C3D5A4}.Debug|x86.Build.0 = Debug|Any CPU
		{B839A342-DE91-492A-BC87-CE26F0C3D5A4}.Release|Any CPU.ActiveCfg = Release|Any CPU
		{B839A342-DE91-492A-BC87-CE26F0C3D5A4}.Release|ARM.ActiveCfg = Release|Any CPU
		{B839A342-DE91-492A-BC87-CE26F0C3D5A4}.Release|ARM.Build.0 = Release|Any CPU
		{B839A342-DE91-492A-BC87-CE26F0C3D5A4}.Release|iPhone.ActiveCfg = Release|Any CPU
		{B839A342-DE91-492A-BC87-CE26F0C3D5A4}.Release|iPhone.Build.0 = Release|Any CPU
		{B839A342-DE91-492A-BC87-CE26F0C3D5A4}.Release|iPhoneSimulator.ActiveCfg = Release|Any CPU
		{B839A342-DE91-492A-BC87-CE26F0C3D5A4}.Release|iPhoneSimulator.Build.0 = Release|Any CPU
		{B839A342-DE91-492A-BC87-CE26F0C3D5A4}.Release|x64.ActiveCfg = Release|Any CPU
		{B839A342-DE91-492A-BC87-CE26F0C3D5A4}.Release|x64.Build.0 = Release|Any CPU
		{B839A342-DE91-492A-BC87-CE26F0C3D5A4}.Release|x86.ActiveCfg = Release|Any CPU
		{B839A342-DE91-492A-BC87-CE26F0C3D5A4}.Release|x86.Build.0 = Release|Any CPU
		{95FB68FE-0602-479D-ABC8-1E2B72ECB653}.Ad-Hoc|Any CPU.ActiveCfg = Release|Any CPU
		{95FB68FE-0602-479D-ABC8-1E2B72ECB653}.Ad-Hoc|Any CPU.Build.0 = Release|Any CPU
		{95FB68FE-0602-479D-ABC8-1E2B72ECB653}.Ad-Hoc|ARM.ActiveCfg = Release|Any CPU
		{95FB68FE-0602-479D-ABC8-1E2B72ECB653}.Ad-Hoc|ARM.Build.0 = Release|Any CPU
		{95FB68FE-0602-479D-ABC8-1E2B72ECB653}.Ad-Hoc|iPhone.ActiveCfg = Release|Any CPU
		{95FB68FE-0602-479D-ABC8-1E2B72ECB653}.Ad-Hoc|iPhone.Build.0 = Release|Any CPU
		{95FB68FE-0602-479D-ABC8-1E2B72ECB653}.Ad-Hoc|iPhoneSimulator.ActiveCfg = Release|Any CPU
		{95FB68FE-0602-479D-ABC8-1E2B72ECB653}.Ad-Hoc|iPhoneSimulator.Build.0 = Release|Any CPU
		{95FB68FE-0602-479D-ABC8-1E2B72ECB653}.Ad-Hoc|x64.ActiveCfg = Release|Any CPU
		{95FB68FE-0602-479D-ABC8-1E2B72ECB653}.Ad-Hoc|x64.Build.0 = Release|Any CPU
		{95FB68FE-0602-479D-ABC8-1E2B72ECB653}.Ad-Hoc|x86.ActiveCfg = Release|Any CPU
		{95FB68FE-0602-479D-ABC8-1E2B72ECB653}.Ad-Hoc|x86.Build.0 = Release|Any CPU
		{95FB68FE-0602-479D-ABC8-1E2B72ECB653}.AppStore|Any CPU.ActiveCfg = Release|Any CPU
		{95FB68FE-0602-479D-ABC8-1E2B72ECB653}.AppStore|Any CPU.Build.0 = Release|Any CPU
		{95FB68FE-0602-479D-ABC8-1E2B72ECB653}.AppStore|ARM.ActiveCfg = Release|Any CPU
		{95FB68FE-0602-479D-ABC8-1E2B72ECB653}.AppStore|ARM.Build.0 = Release|Any CPU
		{95FB68FE-0602-479D-ABC8-1E2B72ECB653}.AppStore|iPhone.ActiveCfg = Release|Any CPU
		{95FB68FE-0602-479D-ABC8-1E2B72ECB653}.AppStore|iPhone.Build.0 = Release|Any CPU
		{95FB68FE-0602-479D-ABC8-1E2B72ECB653}.AppStore|iPhoneSimulator.ActiveCfg = Release|Any CPU
		{95FB68FE-0602-479D-ABC8-1E2B72ECB653}.AppStore|iPhoneSimulator.Build.0 = Release|Any CPU
		{95FB68FE-0602-479D-ABC8-1E2B72ECB653}.AppStore|x64.ActiveCfg = Release|Any CPU
		{95FB68FE-0602-479D-ABC8-1E2B72ECB653}.AppStore|x64.Build.0 = Release|Any CPU
		{95FB68FE-0602-479D-ABC8-1E2B72ECB653}.AppStore|x86.ActiveCfg = Release|Any CPU
		{95FB68FE-0602-479D-ABC8-1E2B72ECB653}.AppStore|x86.Build.0 = Release|Any CPU
		{95FB68FE-0602-479D-ABC8-1E2B72ECB653}.Debug|Any CPU.ActiveCfg = Debug|Any CPU
		{95FB68FE-0602-479D-ABC8-1E2B72ECB653}.Debug|Any CPU.Build.0 = Debug|Any CPU
		{95FB68FE-0602-479D-ABC8-1E2B72ECB653}.Debug|ARM.ActiveCfg = Debug|Any CPU
		{95FB68FE-0602-479D-ABC8-1E2B72ECB653}.Debug|ARM.Build.0 = Debug|Any CPU
		{95FB68FE-0602-479D-ABC8-1E2B72ECB653}.Debug|iPhone.ActiveCfg = Debug|Any CPU
		{95FB68FE-0602-479D-ABC8-1E2B72ECB653}.Debug|iPhone.Build.0 = Debug|Any CPU
		{95FB68FE-0602-479D-ABC8-1E2B72ECB653}.Debug|iPhoneSimulator.ActiveCfg = Debug|Any CPU
		{95FB68FE-0602-479D-ABC8-1E2B72ECB653}.Debug|iPhoneSimulator.Build.0 = Debug|Any CPU
		{95FB68FE-0602-479D-ABC8-1E2B72ECB653}.Debug|x64.ActiveCfg = Debug|Any CPU
		{95FB68FE-0602-479D-ABC8-1E2B72ECB653}.Debug|x64.Build.0 = Debug|Any CPU
		{95FB68FE-0602-479D-ABC8-1E2B72ECB653}.Debug|x86.ActiveCfg = Debug|Any CPU
		{95FB68FE-0602-479D-ABC8-1E2B72ECB653}.Debug|x86.Build.0 = Debug|Any CPU
		{95FB68FE-0602-479D-ABC8-1E2B72ECB653}.Release|Any CPU.ActiveCfg = Release|Any CPU
		{95FB68FE-0602-479D-ABC8-1E2B72ECB653}.Release|Any CPU.Build.0 = Release|Any CPU
		{95FB68FE-0602-479D-ABC8-1E2B72ECB653}.Release|ARM.ActiveCfg = Release|Any CPU
		{95FB68FE-0602-479D-ABC8-1E2B72ECB653}.Release|ARM.Build.0 = Release|Any CPU
		{95FB68FE-0602-479D-ABC8-1E2B72ECB653}.Release|iPhone.ActiveCfg = Release|Any CPU
		{95FB68FE-0602-479D-ABC8-1E2B72ECB653}.Release|iPhone.Build.0 = Release|Any CPU
		{95FB68FE-0602-479D-ABC8-1E2B72ECB653}.Release|iPhoneSimulator.ActiveCfg = Release|Any CPU
		{95FB68FE-0602-479D-ABC8-1E2B72ECB653}.Release|iPhoneSimulator.Build.0 = Release|Any CPU
		{95FB68FE-0602-479D-ABC8-1E2B72ECB653}.Release|x64.ActiveCfg = Release|Any CPU
		{95FB68FE-0602-479D-ABC8-1E2B72ECB653}.Release|x64.Build.0 = Release|Any CPU
		{95FB68FE-0602-479D-ABC8-1E2B72ECB653}.Release|x86.ActiveCfg = Release|Any CPU
		{95FB68FE-0602-479D-ABC8-1E2B72ECB653}.Release|x86.Build.0 = Release|Any CPU
		{FD7FFBBA-3363-43FB-B6E2-C8E17D8C9D70}.Ad-Hoc|Any CPU.ActiveCfg = Release|Any CPU
		{FD7FFBBA-3363-43FB-B6E2-C8E17D8C9D70}.Ad-Hoc|Any CPU.Build.0 = Release|Any CPU
		{FD7FFBBA-3363-43FB-B6E2-C8E17D8C9D70}.Ad-Hoc|ARM.ActiveCfg = Release|Any CPU
		{FD7FFBBA-3363-43FB-B6E2-C8E17D8C9D70}.Ad-Hoc|ARM.Build.0 = Release|Any CPU
		{FD7FFBBA-3363-43FB-B6E2-C8E17D8C9D70}.Ad-Hoc|iPhone.ActiveCfg = Release|Any CPU
		{FD7FFBBA-3363-43FB-B6E2-C8E17D8C9D70}.Ad-Hoc|iPhone.Build.0 = Release|Any CPU
		{FD7FFBBA-3363-43FB-B6E2-C8E17D8C9D70}.Ad-Hoc|iPhoneSimulator.ActiveCfg = Release|Any CPU
		{FD7FFBBA-3363-43FB-B6E2-C8E17D8C9D70}.Ad-Hoc|iPhoneSimulator.Build.0 = Release|Any CPU
		{FD7FFBBA-3363-43FB-B6E2-C8E17D8C9D70}.Ad-Hoc|x64.ActiveCfg = Release|Any CPU
		{FD7FFBBA-3363-43FB-B6E2-C8E17D8C9D70}.Ad-Hoc|x64.Build.0 = Release|Any CPU
		{FD7FFBBA-3363-43FB-B6E2-C8E17D8C9D70}.Ad-Hoc|x86.ActiveCfg = Release|Any CPU
		{FD7FFBBA-3363-43FB-B6E2-C8E17D8C9D70}.Ad-Hoc|x86.Build.0 = Release|Any CPU
		{FD7FFBBA-3363-43FB-B6E2-C8E17D8C9D70}.AppStore|Any CPU.ActiveCfg = Release|Any CPU
		{FD7FFBBA-3363-43FB-B6E2-C8E17D8C9D70}.AppStore|Any CPU.Build.0 = Release|Any CPU
		{FD7FFBBA-3363-43FB-B6E2-C8E17D8C9D70}.AppStore|ARM.ActiveCfg = Release|Any CPU
		{FD7FFBBA-3363-43FB-B6E2-C8E17D8C9D70}.AppStore|ARM.Build.0 = Release|Any CPU
		{FD7FFBBA-3363-43FB-B6E2-C8E17D8C9D70}.AppStore|iPhone.ActiveCfg = Release|Any CPU
		{FD7FFBBA-3363-43FB-B6E2-C8E17D8C9D70}.AppStore|iPhone.Build.0 = Release|Any CPU
		{FD7FFBBA-3363-43FB-B6E2-C8E17D8C9D70}.AppStore|iPhoneSimulator.ActiveCfg = Release|Any CPU
		{FD7FFBBA-3363-43FB-B6E2-C8E17D8C9D70}.AppStore|iPhoneSimulator.Build.0 = Release|Any CPU
		{FD7FFBBA-3363-43FB-B6E2-C8E17D8C9D70}.AppStore|x64.ActiveCfg = Release|Any CPU
		{FD7FFBBA-3363-43FB-B6E2-C8E17D8C9D70}.AppStore|x64.Build.0 = Release|Any CPU
		{FD7FFBBA-3363-43FB-B6E2-C8E17D8C9D70}.AppStore|x86.ActiveCfg = Release|Any CPU
		{FD7FFBBA-3363-43FB-B6E2-C8E17D8C9D70}.AppStore|x86.Build.0 = Release|Any CPU
		{FD7FFBBA-3363-43FB-B6E2-C8E17D8C9D70}.Debug|Any CPU.ActiveCfg = Debug|Any CPU
		{FD7FFBBA-3363-43FB-B6E2-C8E17D8C9D70}.Debug|Any CPU.Build.0 = Debug|Any CPU
		{FD7FFBBA-3363-43FB-B6E2-C8E17D8C9D70}.Debug|ARM.ActiveCfg = Debug|Any CPU
		{FD7FFBBA-3363-43FB-B6E2-C8E17D8C9D70}.Debug|ARM.Build.0 = Debug|Any CPU
		{FD7FFBBA-3363-43FB-B6E2-C8E17D8C9D70}.Debug|iPhone.ActiveCfg = Debug|Any CPU
		{FD7FFBBA-3363-43FB-B6E2-C8E17D8C9D70}.Debug|iPhone.Build.0 = Debug|Any CPU
		{FD7FFBBA-3363-43FB-B6E2-C8E17D8C9D70}.Debug|iPhoneSimulator.ActiveCfg = Debug|Any CPU
		{FD7FFBBA-3363-43FB-B6E2-C8E17D8C9D70}.Debug|iPhoneSimulator.Build.0 = Debug|Any CPU
		{FD7FFBBA-3363-43FB-B6E2-C8E17D8C9D70}.Debug|x64.ActiveCfg = Debug|Any CPU
		{FD7FFBBA-3363-43FB-B6E2-C8E17D8C9D70}.Debug|x64.Build.0 = Debug|Any CPU
		{FD7FFBBA-3363-43FB-B6E2-C8E17D8C9D70}.Debug|x86.ActiveCfg = Debug|Any CPU
		{FD7FFBBA-3363-43FB-B6E2-C8E17D8C9D70}.Debug|x86.Build.0 = Debug|Any CPU
		{FD7FFBBA-3363-43FB-B6E2-C8E17D8C9D70}.Release|Any CPU.ActiveCfg = Release|Any CPU
		{FD7FFBBA-3363-43FB-B6E2-C8E17D8C9D70}.Release|Any CPU.Build.0 = Release|Any CPU
		{FD7FFBBA-3363-43FB-B6E2-C8E17D8C9D70}.Release|ARM.ActiveCfg = Release|Any CPU
		{FD7FFBBA-3363-43FB-B6E2-C8E17D8C9D70}.Release|ARM.Build.0 = Release|Any CPU
		{FD7FFBBA-3363-43FB-B6E2-C8E17D8C9D70}.Release|iPhone.ActiveCfg = Release|Any CPU
		{FD7FFBBA-3363-43FB-B6E2-C8E17D8C9D70}.Release|iPhone.Build.0 = Release|Any CPU
		{FD7FFBBA-3363-43FB-B6E2-C8E17D8C9D70}.Release|iPhoneSimulator.ActiveCfg = Release|Any CPU
		{FD7FFBBA-3363-43FB-B6E2-C8E17D8C9D70}.Release|iPhoneSimulator.Build.0 = Release|Any CPU
		{FD7FFBBA-3363-43FB-B6E2-C8E17D8C9D70}.Release|x64.ActiveCfg = Release|Any CPU
		{FD7FFBBA-3363-43FB-B6E2-C8E17D8C9D70}.Release|x64.Build.0 = Release|Any CPU
		{FD7FFBBA-3363-43FB-B6E2-C8E17D8C9D70}.Release|x86.ActiveCfg = Release|Any CPU
		{FD7FFBBA-3363-43FB-B6E2-C8E17D8C9D70}.Release|x86.Build.0 = Release|Any CPU
		{58687437-C986-4668-AA41-B83F2BA99F3D}.Ad-Hoc|Any CPU.ActiveCfg = Release|Any CPU
		{58687437-C986-4668-AA41-B83F2BA99F3D}.Ad-Hoc|Any CPU.Build.0 = Release|Any CPU
		{58687437-C986-4668-AA41-B83F2BA99F3D}.Ad-Hoc|Any CPU.Deploy.0 = Release|Any CPU
		{58687437-C986-4668-AA41-B83F2BA99F3D}.Ad-Hoc|ARM.ActiveCfg = Release|Any CPU
		{58687437-C986-4668-AA41-B83F2BA99F3D}.Ad-Hoc|ARM.Build.0 = Release|Any CPU
		{58687437-C986-4668-AA41-B83F2BA99F3D}.Ad-Hoc|ARM.Deploy.0 = Release|Any CPU
		{58687437-C986-4668-AA41-B83F2BA99F3D}.Ad-Hoc|iPhone.ActiveCfg = Release|Any CPU
		{58687437-C986-4668-AA41-B83F2BA99F3D}.Ad-Hoc|iPhone.Build.0 = Release|Any CPU
		{58687437-C986-4668-AA41-B83F2BA99F3D}.Ad-Hoc|iPhone.Deploy.0 = Release|Any CPU
		{58687437-C986-4668-AA41-B83F2BA99F3D}.Ad-Hoc|iPhoneSimulator.ActiveCfg = Release|Any CPU
		{58687437-C986-4668-AA41-B83F2BA99F3D}.Ad-Hoc|iPhoneSimulator.Build.0 = Release|Any CPU
		{58687437-C986-4668-AA41-B83F2BA99F3D}.Ad-Hoc|iPhoneSimulator.Deploy.0 = Release|Any CPU
		{58687437-C986-4668-AA41-B83F2BA99F3D}.Ad-Hoc|x64.ActiveCfg = Release|Any CPU
		{58687437-C986-4668-AA41-B83F2BA99F3D}.Ad-Hoc|x64.Build.0 = Release|Any CPU
		{58687437-C986-4668-AA41-B83F2BA99F3D}.Ad-Hoc|x64.Deploy.0 = Release|Any CPU
		{58687437-C986-4668-AA41-B83F2BA99F3D}.Ad-Hoc|x86.ActiveCfg = Release|Any CPU
		{58687437-C986-4668-AA41-B83F2BA99F3D}.Ad-Hoc|x86.Build.0 = Release|Any CPU
		{58687437-C986-4668-AA41-B83F2BA99F3D}.Ad-Hoc|x86.Deploy.0 = Release|Any CPU
		{58687437-C986-4668-AA41-B83F2BA99F3D}.AppStore|Any CPU.ActiveCfg = Release|Any CPU
		{58687437-C986-4668-AA41-B83F2BA99F3D}.AppStore|Any CPU.Build.0 = Release|Any CPU
		{58687437-C986-4668-AA41-B83F2BA99F3D}.AppStore|Any CPU.Deploy.0 = Release|Any CPU
		{58687437-C986-4668-AA41-B83F2BA99F3D}.AppStore|ARM.ActiveCfg = Release|Any CPU
		{58687437-C986-4668-AA41-B83F2BA99F3D}.AppStore|ARM.Build.0 = Release|Any CPU
		{58687437-C986-4668-AA41-B83F2BA99F3D}.AppStore|ARM.Deploy.0 = Release|Any CPU
		{58687437-C986-4668-AA41-B83F2BA99F3D}.AppStore|iPhone.ActiveCfg = Release|Any CPU
		{58687437-C986-4668-AA41-B83F2BA99F3D}.AppStore|iPhone.Build.0 = Release|Any CPU
		{58687437-C986-4668-AA41-B83F2BA99F3D}.AppStore|iPhone.Deploy.0 = Release|Any CPU
		{58687437-C986-4668-AA41-B83F2BA99F3D}.AppStore|iPhoneSimulator.ActiveCfg = Release|Any CPU
		{58687437-C986-4668-AA41-B83F2BA99F3D}.AppStore|iPhoneSimulator.Build.0 = Release|Any CPU
		{58687437-C986-4668-AA41-B83F2BA99F3D}.AppStore|iPhoneSimulator.Deploy.0 = Release|Any CPU
		{58687437-C986-4668-AA41-B83F2BA99F3D}.AppStore|x64.ActiveCfg = Release|Any CPU
		{58687437-C986-4668-AA41-B83F2BA99F3D}.AppStore|x64.Build.0 = Release|Any CPU
		{58687437-C986-4668-AA41-B83F2BA99F3D}.AppStore|x64.Deploy.0 = Release|Any CPU
		{58687437-C986-4668-AA41-B83F2BA99F3D}.AppStore|x86.ActiveCfg = Release|Any CPU
		{58687437-C986-4668-AA41-B83F2BA99F3D}.AppStore|x86.Build.0 = Release|Any CPU
		{58687437-C986-4668-AA41-B83F2BA99F3D}.AppStore|x86.Deploy.0 = Release|Any CPU
		{58687437-C986-4668-AA41-B83F2BA99F3D}.Debug|Any CPU.ActiveCfg = Debug|Any CPU
		{58687437-C986-4668-AA41-B83F2BA99F3D}.Debug|Any CPU.Build.0 = Debug|Any CPU
		{58687437-C986-4668-AA41-B83F2BA99F3D}.Debug|Any CPU.Deploy.0 = Debug|Any CPU
		{58687437-C986-4668-AA41-B83F2BA99F3D}.Debug|ARM.ActiveCfg = Debug|Any CPU
		{58687437-C986-4668-AA41-B83F2BA99F3D}.Debug|ARM.Build.0 = Debug|Any CPU
		{58687437-C986-4668-AA41-B83F2BA99F3D}.Debug|ARM.Deploy.0 = Debug|Any CPU
		{58687437-C986-4668-AA41-B83F2BA99F3D}.Debug|iPhone.ActiveCfg = Debug|Any CPU
		{58687437-C986-4668-AA41-B83F2BA99F3D}.Debug|iPhone.Build.0 = Debug|Any CPU
		{58687437-C986-4668-AA41-B83F2BA99F3D}.Debug|iPhone.Deploy.0 = Debug|Any CPU
		{58687437-C986-4668-AA41-B83F2BA99F3D}.Debug|iPhoneSimulator.ActiveCfg = Debug|Any CPU
		{58687437-C986-4668-AA41-B83F2BA99F3D}.Debug|iPhoneSimulator.Build.0 = Debug|Any CPU
		{58687437-C986-4668-AA41-B83F2BA99F3D}.Debug|iPhoneSimulator.Deploy.0 = Debug|Any CPU
		{58687437-C986-4668-AA41-B83F2BA99F3D}.Debug|x64.ActiveCfg = Debug|Any CPU
		{58687437-C986-4668-AA41-B83F2BA99F3D}.Debug|x64.Build.0 = Debug|Any CPU
		{58687437-C986-4668-AA41-B83F2BA99F3D}.Debug|x64.Deploy.0 = Debug|Any CPU
		{58687437-C986-4668-AA41-B83F2BA99F3D}.Debug|x86.ActiveCfg = Debug|Any CPU
		{58687437-C986-4668-AA41-B83F2BA99F3D}.Debug|x86.Build.0 = Debug|Any CPU
		{58687437-C986-4668-AA41-B83F2BA99F3D}.Debug|x86.Deploy.0 = Debug|Any CPU
		{58687437-C986-4668-AA41-B83F2BA99F3D}.Release|Any CPU.ActiveCfg = Release|Any CPU
		{58687437-C986-4668-AA41-B83F2BA99F3D}.Release|Any CPU.Build.0 = Release|Any CPU
		{58687437-C986-4668-AA41-B83F2BA99F3D}.Release|Any CPU.Deploy.0 = Release|Any CPU
		{58687437-C986-4668-AA41-B83F2BA99F3D}.Release|ARM.ActiveCfg = Release|Any CPU
		{58687437-C986-4668-AA41-B83F2BA99F3D}.Release|ARM.Build.0 = Release|Any CPU
		{58687437-C986-4668-AA41-B83F2BA99F3D}.Release|ARM.Deploy.0 = Release|Any CPU
		{58687437-C986-4668-AA41-B83F2BA99F3D}.Release|iPhone.ActiveCfg = Release|Any CPU
		{58687437-C986-4668-AA41-B83F2BA99F3D}.Release|iPhone.Build.0 = Release|Any CPU
		{58687437-C986-4668-AA41-B83F2BA99F3D}.Release|iPhone.Deploy.0 = Release|Any CPU
		{58687437-C986-4668-AA41-B83F2BA99F3D}.Release|iPhoneSimulator.ActiveCfg = Release|Any CPU
		{58687437-C986-4668-AA41-B83F2BA99F3D}.Release|iPhoneSimulator.Build.0 = Release|Any CPU
		{58687437-C986-4668-AA41-B83F2BA99F3D}.Release|iPhoneSimulator.Deploy.0 = Release|Any CPU
		{58687437-C986-4668-AA41-B83F2BA99F3D}.Release|x64.ActiveCfg = Release|Any CPU
		{58687437-C986-4668-AA41-B83F2BA99F3D}.Release|x64.Build.0 = Release|Any CPU
		{58687437-C986-4668-AA41-B83F2BA99F3D}.Release|x64.Deploy.0 = Release|Any CPU
		{58687437-C986-4668-AA41-B83F2BA99F3D}.Release|x86.ActiveCfg = Release|Any CPU
		{58687437-C986-4668-AA41-B83F2BA99F3D}.Release|x86.Build.0 = Release|Any CPU
		{58687437-C986-4668-AA41-B83F2BA99F3D}.Release|x86.Deploy.0 = Release|Any CPU
		{6C971484-ED20-4D93-8197-7A3886C49C57}.Ad-Hoc|Any CPU.ActiveCfg = Ad-Hoc|iPhone
		{6C971484-ED20-4D93-8197-7A3886C49C57}.Ad-Hoc|ARM.ActiveCfg = Ad-Hoc|iPhone
		{6C971484-ED20-4D93-8197-7A3886C49C57}.Ad-Hoc|iPhone.ActiveCfg = Ad-Hoc|iPhone
		{6C971484-ED20-4D93-8197-7A3886C49C57}.Ad-Hoc|iPhone.Build.0 = Ad-Hoc|iPhone
		{6C971484-ED20-4D93-8197-7A3886C49C57}.Ad-Hoc|iPhoneSimulator.ActiveCfg = Ad-Hoc|iPhoneSimulator
		{6C971484-ED20-4D93-8197-7A3886C49C57}.Ad-Hoc|iPhoneSimulator.Build.0 = Ad-Hoc|iPhoneSimulator
		{6C971484-ED20-4D93-8197-7A3886C49C57}.Ad-Hoc|x64.ActiveCfg = Ad-Hoc|iPhone
		{6C971484-ED20-4D93-8197-7A3886C49C57}.Ad-Hoc|x86.ActiveCfg = Ad-Hoc|iPhone
		{6C971484-ED20-4D93-8197-7A3886C49C57}.AppStore|Any CPU.ActiveCfg = AppStore|iPhone
		{6C971484-ED20-4D93-8197-7A3886C49C57}.AppStore|ARM.ActiveCfg = AppStore|iPhone
		{6C971484-ED20-4D93-8197-7A3886C49C57}.AppStore|iPhone.ActiveCfg = AppStore|iPhone
		{6C971484-ED20-4D93-8197-7A3886C49C57}.AppStore|iPhone.Build.0 = AppStore|iPhone
		{6C971484-ED20-4D93-8197-7A3886C49C57}.AppStore|iPhoneSimulator.ActiveCfg = AppStore|iPhoneSimulator
		{6C971484-ED20-4D93-8197-7A3886C49C57}.AppStore|iPhoneSimulator.Build.0 = AppStore|iPhoneSimulator
		{6C971484-ED20-4D93-8197-7A3886C49C57}.AppStore|x64.ActiveCfg = AppStore|iPhone
		{6C971484-ED20-4D93-8197-7A3886C49C57}.AppStore|x86.ActiveCfg = AppStore|iPhone
		{6C971484-ED20-4D93-8197-7A3886C49C57}.Debug|Any CPU.ActiveCfg = Debug|iPhone
		{6C971484-ED20-4D93-8197-7A3886C49C57}.Debug|ARM.ActiveCfg = Debug|iPhone
		{6C971484-ED20-4D93-8197-7A3886C49C57}.Debug|iPhone.ActiveCfg = Debug|iPhone
		{6C971484-ED20-4D93-8197-7A3886C49C57}.Debug|iPhone.Build.0 = Debug|iPhone
		{6C971484-ED20-4D93-8197-7A3886C49C57}.Debug|iPhoneSimulator.ActiveCfg = Debug|iPhoneSimulator
		{6C971484-ED20-4D93-8197-7A3886C49C57}.Debug|iPhoneSimulator.Build.0 = Debug|iPhoneSimulator
		{6C971484-ED20-4D93-8197-7A3886C49C57}.Debug|x64.ActiveCfg = Debug|iPhone
		{6C971484-ED20-4D93-8197-7A3886C49C57}.Debug|x86.ActiveCfg = Debug|iPhone
		{6C971484-ED20-4D93-8197-7A3886C49C57}.Release|Any CPU.ActiveCfg = Release|iPhone
		{6C971484-ED20-4D93-8197-7A3886C49C57}.Release|ARM.ActiveCfg = Release|iPhone
		{6C971484-ED20-4D93-8197-7A3886C49C57}.Release|iPhone.ActiveCfg = Release|iPhone
		{6C971484-ED20-4D93-8197-7A3886C49C57}.Release|iPhone.Build.0 = Release|iPhone
		{6C971484-ED20-4D93-8197-7A3886C49C57}.Release|iPhoneSimulator.ActiveCfg = Release|iPhoneSimulator
		{6C971484-ED20-4D93-8197-7A3886C49C57}.Release|iPhoneSimulator.Build.0 = Release|iPhoneSimulator
		{6C971484-ED20-4D93-8197-7A3886C49C57}.Release|x64.ActiveCfg = Release|iPhone
		{6C971484-ED20-4D93-8197-7A3886C49C57}.Release|x86.ActiveCfg = Release|iPhone
		{84CCF95E-CDD8-4D81-B7DF-EB6E0C69461E}.Ad-Hoc|Any CPU.ActiveCfg = Release|Any CPU
		{84CCF95E-CDD8-4D81-B7DF-EB6E0C69461E}.Ad-Hoc|Any CPU.Build.0 = Release|Any CPU
		{84CCF95E-CDD8-4D81-B7DF-EB6E0C69461E}.Ad-Hoc|ARM.ActiveCfg = Release|Any CPU
		{84CCF95E-CDD8-4D81-B7DF-EB6E0C69461E}.Ad-Hoc|ARM.Build.0 = Release|Any CPU
		{84CCF95E-CDD8-4D81-B7DF-EB6E0C69461E}.Ad-Hoc|iPhone.ActiveCfg = Release|Any CPU
		{84CCF95E-CDD8-4D81-B7DF-EB6E0C69461E}.Ad-Hoc|iPhone.Build.0 = Release|Any CPU
		{84CCF95E-CDD8-4D81-B7DF-EB6E0C69461E}.Ad-Hoc|iPhoneSimulator.ActiveCfg = Release|Any CPU
		{84CCF95E-CDD8-4D81-B7DF-EB6E0C69461E}.Ad-Hoc|iPhoneSimulator.Build.0 = Release|Any CPU
		{84CCF95E-CDD8-4D81-B7DF-EB6E0C69461E}.Ad-Hoc|x64.ActiveCfg = Release|Any CPU
		{84CCF95E-CDD8-4D81-B7DF-EB6E0C69461E}.Ad-Hoc|x64.Build.0 = Release|Any CPU
		{84CCF95E-CDD8-4D81-B7DF-EB6E0C69461E}.Ad-Hoc|x86.ActiveCfg = Release|Any CPU
		{84CCF95E-CDD8-4D81-B7DF-EB6E0C69461E}.Ad-Hoc|x86.Build.0 = Release|Any CPU
		{84CCF95E-CDD8-4D81-B7DF-EB6E0C69461E}.AppStore|Any CPU.ActiveCfg = Release|Any CPU
		{84CCF95E-CDD8-4D81-B7DF-EB6E0C69461E}.AppStore|Any CPU.Build.0 = Release|Any CPU
		{84CCF95E-CDD8-4D81-B7DF-EB6E0C69461E}.AppStore|ARM.ActiveCfg = Release|Any CPU
		{84CCF95E-CDD8-4D81-B7DF-EB6E0C69461E}.AppStore|ARM.Build.0 = Release|Any CPU
		{84CCF95E-CDD8-4D81-B7DF-EB6E0C69461E}.AppStore|iPhone.ActiveCfg = Release|Any CPU
		{84CCF95E-CDD8-4D81-B7DF-EB6E0C69461E}.AppStore|iPhone.Build.0 = Release|Any CPU
		{84CCF95E-CDD8-4D81-B7DF-EB6E0C69461E}.AppStore|iPhoneSimulator.ActiveCfg = Release|Any CPU
		{84CCF95E-CDD8-4D81-B7DF-EB6E0C69461E}.AppStore|iPhoneSimulator.Build.0 = Release|Any CPU
		{84CCF95E-CDD8-4D81-B7DF-EB6E0C69461E}.AppStore|x64.ActiveCfg = Release|Any CPU
		{84CCF95E-CDD8-4D81-B7DF-EB6E0C69461E}.AppStore|x64.Build.0 = Release|Any CPU
		{84CCF95E-CDD8-4D81-B7DF-EB6E0C69461E}.AppStore|x86.ActiveCfg = Release|Any CPU
		{84CCF95E-CDD8-4D81-B7DF-EB6E0C69461E}.AppStore|x86.Build.0 = Release|Any CPU
		{84CCF95E-CDD8-4D81-B7DF-EB6E0C69461E}.Debug|Any CPU.ActiveCfg = Debug|Any CPU
		{84CCF95E-CDD8-4D81-B7DF-EB6E0C69461E}.Debug|Any CPU.Build.0 = Debug|Any CPU
		{84CCF95E-CDD8-4D81-B7DF-EB6E0C69461E}.Debug|ARM.ActiveCfg = Debug|Any CPU
		{84CCF95E-CDD8-4D81-B7DF-EB6E0C69461E}.Debug|ARM.Build.0 = Debug|Any CPU
		{84CCF95E-CDD8-4D81-B7DF-EB6E0C69461E}.Debug|iPhone.ActiveCfg = Debug|Any CPU
		{84CCF95E-CDD8-4D81-B7DF-EB6E0C69461E}.Debug|iPhone.Build.0 = Debug|Any CPU
		{84CCF95E-CDD8-4D81-B7DF-EB6E0C69461E}.Debug|iPhoneSimulator.ActiveCfg = Debug|Any CPU
		{84CCF95E-CDD8-4D81-B7DF-EB6E0C69461E}.Debug|iPhoneSimulator.Build.0 = Debug|Any CPU
		{84CCF95E-CDD8-4D81-B7DF-EB6E0C69461E}.Debug|x64.ActiveCfg = Debug|Any CPU
		{84CCF95E-CDD8-4D81-B7DF-EB6E0C69461E}.Debug|x64.Build.0 = Debug|Any CPU
		{84CCF95E-CDD8-4D81-B7DF-EB6E0C69461E}.Debug|x86.ActiveCfg = Debug|Any CPU
		{84CCF95E-CDD8-4D81-B7DF-EB6E0C69461E}.Debug|x86.Build.0 = Debug|Any CPU
		{84CCF95E-CDD8-4D81-B7DF-EB6E0C69461E}.Release|Any CPU.ActiveCfg = Release|Any CPU
		{84CCF95E-CDD8-4D81-B7DF-EB6E0C69461E}.Release|Any CPU.Build.0 = Release|Any CPU
		{84CCF95E-CDD8-4D81-B7DF-EB6E0C69461E}.Release|ARM.ActiveCfg = Release|Any CPU
		{84CCF95E-CDD8-4D81-B7DF-EB6E0C69461E}.Release|ARM.Build.0 = Release|Any CPU
		{84CCF95E-CDD8-4D81-B7DF-EB6E0C69461E}.Release|iPhone.ActiveCfg = Release|Any CPU
		{84CCF95E-CDD8-4D81-B7DF-EB6E0C69461E}.Release|iPhone.Build.0 = Release|Any CPU
		{84CCF95E-CDD8-4D81-B7DF-EB6E0C69461E}.Release|iPhoneSimulator.ActiveCfg = Release|Any CPU
		{84CCF95E-CDD8-4D81-B7DF-EB6E0C69461E}.Release|iPhoneSimulator.Build.0 = Release|Any CPU
		{84CCF95E-CDD8-4D81-B7DF-EB6E0C69461E}.Release|x64.ActiveCfg = Release|Any CPU
		{84CCF95E-CDD8-4D81-B7DF-EB6E0C69461E}.Release|x64.Build.0 = Release|Any CPU
		{84CCF95E-CDD8-4D81-B7DF-EB6E0C69461E}.Release|x86.ActiveCfg = Release|Any CPU
		{84CCF95E-CDD8-4D81-B7DF-EB6E0C69461E}.Release|x86.Build.0 = Release|Any CPU
		{67F9D3A8-F71E-4428-913F-C37AE82CDB24}.Ad-Hoc|Any CPU.ActiveCfg = Release|Any CPU
		{67F9D3A8-F71E-4428-913F-C37AE82CDB24}.Ad-Hoc|Any CPU.Build.0 = Release|Any CPU
		{67F9D3A8-F71E-4428-913F-C37AE82CDB24}.Ad-Hoc|ARM.ActiveCfg = Release|Any CPU
		{67F9D3A8-F71E-4428-913F-C37AE82CDB24}.Ad-Hoc|ARM.Build.0 = Release|Any CPU
		{67F9D3A8-F71E-4428-913F-C37AE82CDB24}.Ad-Hoc|iPhone.ActiveCfg = Release|Any CPU
		{67F9D3A8-F71E-4428-913F-C37AE82CDB24}.Ad-Hoc|iPhone.Build.0 = Release|Any CPU
		{67F9D3A8-F71E-4428-913F-C37AE82CDB24}.Ad-Hoc|iPhoneSimulator.ActiveCfg = Release|Any CPU
		{67F9D3A8-F71E-4428-913F-C37AE82CDB24}.Ad-Hoc|iPhoneSimulator.Build.0 = Release|Any CPU
		{67F9D3A8-F71E-4428-913F-C37AE82CDB24}.Ad-Hoc|x64.ActiveCfg = Release|Any CPU
		{67F9D3A8-F71E-4428-913F-C37AE82CDB24}.Ad-Hoc|x64.Build.0 = Release|Any CPU
		{67F9D3A8-F71E-4428-913F-C37AE82CDB24}.Ad-Hoc|x86.ActiveCfg = Release|Any CPU
		{67F9D3A8-F71E-4428-913F-C37AE82CDB24}.Ad-Hoc|x86.Build.0 = Release|Any CPU
		{67F9D3A8-F71E-4428-913F-C37AE82CDB24}.AppStore|Any CPU.ActiveCfg = Release|Any CPU
		{67F9D3A8-F71E-4428-913F-C37AE82CDB24}.AppStore|Any CPU.Build.0 = Release|Any CPU
		{67F9D3A8-F71E-4428-913F-C37AE82CDB24}.AppStore|ARM.ActiveCfg = Release|Any CPU
		{67F9D3A8-F71E-4428-913F-C37AE82CDB24}.AppStore|ARM.Build.0 = Release|Any CPU
		{67F9D3A8-F71E-4428-913F-C37AE82CDB24}.AppStore|iPhone.ActiveCfg = Release|Any CPU
		{67F9D3A8-F71E-4428-913F-C37AE82CDB24}.AppStore|iPhone.Build.0 = Release|Any CPU
		{67F9D3A8-F71E-4428-913F-C37AE82CDB24}.AppStore|iPhoneSimulator.ActiveCfg = Release|Any CPU
		{67F9D3A8-F71E-4428-913F-C37AE82CDB24}.AppStore|iPhoneSimulator.Build.0 = Release|Any CPU
		{67F9D3A8-F71E-4428-913F-C37AE82CDB24}.AppStore|x64.ActiveCfg = Release|Any CPU
		{67F9D3A8-F71E-4428-913F-C37AE82CDB24}.AppStore|x64.Build.0 = Release|Any CPU
		{67F9D3A8-F71E-4428-913F-C37AE82CDB24}.AppStore|x86.ActiveCfg = Release|Any CPU
		{67F9D3A8-F71E-4428-913F-C37AE82CDB24}.AppStore|x86.Build.0 = Release|Any CPU
		{67F9D3A8-F71E-4428-913F-C37AE82CDB24}.Debug|Any CPU.ActiveCfg = Debug|Any CPU
		{67F9D3A8-F71E-4428-913F-C37AE82CDB24}.Debug|Any CPU.Build.0 = Debug|Any CPU
		{67F9D3A8-F71E-4428-913F-C37AE82CDB24}.Debug|ARM.ActiveCfg = Debug|Any CPU
		{67F9D3A8-F71E-4428-913F-C37AE82CDB24}.Debug|ARM.Build.0 = Debug|Any CPU
		{67F9D3A8-F71E-4428-913F-C37AE82CDB24}.Debug|iPhone.ActiveCfg = Debug|Any CPU
		{67F9D3A8-F71E-4428-913F-C37AE82CDB24}.Debug|iPhone.Build.0 = Debug|Any CPU
		{67F9D3A8-F71E-4428-913F-C37AE82CDB24}.Debug|iPhoneSimulator.ActiveCfg = Debug|Any CPU
		{67F9D3A8-F71E-4428-913F-C37AE82CDB24}.Debug|iPhoneSimulator.Build.0 = Debug|Any CPU
		{67F9D3A8-F71E-4428-913F-C37AE82CDB24}.Debug|x64.ActiveCfg = Debug|Any CPU
		{67F9D3A8-F71E-4428-913F-C37AE82CDB24}.Debug|x64.Build.0 = Debug|Any CPU
		{67F9D3A8-F71E-4428-913F-C37AE82CDB24}.Debug|x86.ActiveCfg = Debug|Any CPU
		{67F9D3A8-F71E-4428-913F-C37AE82CDB24}.Debug|x86.Build.0 = Debug|Any CPU
		{67F9D3A8-F71E-4428-913F-C37AE82CDB24}.Release|Any CPU.ActiveCfg = Release|Any CPU
		{67F9D3A8-F71E-4428-913F-C37AE82CDB24}.Release|Any CPU.Build.0 = Release|Any CPU
		{67F9D3A8-F71E-4428-913F-C37AE82CDB24}.Release|ARM.ActiveCfg = Release|Any CPU
		{67F9D3A8-F71E-4428-913F-C37AE82CDB24}.Release|ARM.Build.0 = Release|Any CPU
		{67F9D3A8-F71E-4428-913F-C37AE82CDB24}.Release|iPhone.ActiveCfg = Release|Any CPU
		{67F9D3A8-F71E-4428-913F-C37AE82CDB24}.Release|iPhone.Build.0 = Release|Any CPU
		{67F9D3A8-F71E-4428-913F-C37AE82CDB24}.Release|iPhoneSimulator.ActiveCfg = Release|Any CPU
		{67F9D3A8-F71E-4428-913F-C37AE82CDB24}.Release|iPhoneSimulator.Build.0 = Release|Any CPU
		{67F9D3A8-F71E-4428-913F-C37AE82CDB24}.Release|x64.ActiveCfg = Release|Any CPU
		{67F9D3A8-F71E-4428-913F-C37AE82CDB24}.Release|x64.Build.0 = Release|Any CPU
		{67F9D3A8-F71E-4428-913F-C37AE82CDB24}.Release|x86.ActiveCfg = Release|Any CPU
		{67F9D3A8-F71E-4428-913F-C37AE82CDB24}.Release|x86.Build.0 = Release|Any CPU
		{8287DD45-2196-416A-8811-B8AC4A7886C1}.Ad-Hoc|Any CPU.ActiveCfg = Release|Any CPU
		{8287DD45-2196-416A-8811-B8AC4A7886C1}.Ad-Hoc|Any CPU.Build.0 = Release|Any CPU
		{8287DD45-2196-416A-8811-B8AC4A7886C1}.Ad-Hoc|ARM.ActiveCfg = Release|Any CPU
		{8287DD45-2196-416A-8811-B8AC4A7886C1}.Ad-Hoc|ARM.Build.0 = Release|Any CPU
		{8287DD45-2196-416A-8811-B8AC4A7886C1}.Ad-Hoc|iPhone.ActiveCfg = Release|Any CPU
		{8287DD45-2196-416A-8811-B8AC4A7886C1}.Ad-Hoc|iPhone.Build.0 = Release|Any CPU
		{8287DD45-2196-416A-8811-B8AC4A7886C1}.Ad-Hoc|iPhoneSimulator.ActiveCfg = Release|Any CPU
		{8287DD45-2196-416A-8811-B8AC4A7886C1}.Ad-Hoc|iPhoneSimulator.Build.0 = Release|Any CPU
		{8287DD45-2196-416A-8811-B8AC4A7886C1}.Ad-Hoc|x64.ActiveCfg = Release|Any CPU
		{8287DD45-2196-416A-8811-B8AC4A7886C1}.Ad-Hoc|x64.Build.0 = Release|Any CPU
		{8287DD45-2196-416A-8811-B8AC4A7886C1}.Ad-Hoc|x86.ActiveCfg = Release|Any CPU
		{8287DD45-2196-416A-8811-B8AC4A7886C1}.Ad-Hoc|x86.Build.0 = Release|Any CPU
		{8287DD45-2196-416A-8811-B8AC4A7886C1}.AppStore|Any CPU.ActiveCfg = Release|Any CPU
		{8287DD45-2196-416A-8811-B8AC4A7886C1}.AppStore|Any CPU.Build.0 = Release|Any CPU
		{8287DD45-2196-416A-8811-B8AC4A7886C1}.AppStore|ARM.ActiveCfg = Release|Any CPU
		{8287DD45-2196-416A-8811-B8AC4A7886C1}.AppStore|ARM.Build.0 = Release|Any CPU
		{8287DD45-2196-416A-8811-B8AC4A7886C1}.AppStore|iPhone.ActiveCfg = Release|Any CPU
		{8287DD45-2196-416A-8811-B8AC4A7886C1}.AppStore|iPhone.Build.0 = Release|Any CPU
		{8287DD45-2196-416A-8811-B8AC4A7886C1}.AppStore|iPhoneSimulator.ActiveCfg = Release|Any CPU
		{8287DD45-2196-416A-8811-B8AC4A7886C1}.AppStore|iPhoneSimulator.Build.0 = Release|Any CPU
		{8287DD45-2196-416A-8811-B8AC4A7886C1}.AppStore|x64.ActiveCfg = Release|Any CPU
		{8287DD45-2196-416A-8811-B8AC4A7886C1}.AppStore|x64.Build.0 = Release|Any CPU
		{8287DD45-2196-416A-8811-B8AC4A7886C1}.AppStore|x86.ActiveCfg = Release|Any CPU
		{8287DD45-2196-416A-8811-B8AC4A7886C1}.AppStore|x86.Build.0 = Release|Any CPU
		{8287DD45-2196-416A-8811-B8AC4A7886C1}.Debug|Any CPU.ActiveCfg = Debug|Any CPU
		{8287DD45-2196-416A-8811-B8AC4A7886C1}.Debug|Any CPU.Build.0 = Debug|Any CPU
		{8287DD45-2196-416A-8811-B8AC4A7886C1}.Debug|ARM.ActiveCfg = Debug|Any CPU
		{8287DD45-2196-416A-8811-B8AC4A7886C1}.Debug|ARM.Build.0 = Debug|Any CPU
		{8287DD45-2196-416A-8811-B8AC4A7886C1}.Debug|iPhone.ActiveCfg = Debug|Any CPU
		{8287DD45-2196-416A-8811-B8AC4A7886C1}.Debug|iPhone.Build.0 = Debug|Any CPU
		{8287DD45-2196-416A-8811-B8AC4A7886C1}.Debug|iPhoneSimulator.ActiveCfg = Debug|Any CPU
		{8287DD45-2196-416A-8811-B8AC4A7886C1}.Debug|iPhoneSimulator.Build.0 = Debug|Any CPU
		{8287DD45-2196-416A-8811-B8AC4A7886C1}.Debug|x64.ActiveCfg = Debug|Any CPU
		{8287DD45-2196-416A-8811-B8AC4A7886C1}.Debug|x64.Build.0 = Debug|Any CPU
		{8287DD45-2196-416A-8811-B8AC4A7886C1}.Debug|x86.ActiveCfg = Debug|Any CPU
		{8287DD45-2196-416A-8811-B8AC4A7886C1}.Debug|x86.Build.0 = Debug|Any CPU
		{8287DD45-2196-416A-8811-B8AC4A7886C1}.Release|Any CPU.ActiveCfg = Release|Any CPU
		{8287DD45-2196-416A-8811-B8AC4A7886C1}.Release|Any CPU.Build.0 = Release|Any CPU
		{8287DD45-2196-416A-8811-B8AC4A7886C1}.Release|ARM.ActiveCfg = Release|Any CPU
		{8287DD45-2196-416A-8811-B8AC4A7886C1}.Release|ARM.Build.0 = Release|Any CPU
		{8287DD45-2196-416A-8811-B8AC4A7886C1}.Release|iPhone.ActiveCfg = Release|Any CPU
		{8287DD45-2196-416A-8811-B8AC4A7886C1}.Release|iPhone.Build.0 = Release|Any CPU
		{8287DD45-2196-416A-8811-B8AC4A7886C1}.Release|iPhoneSimulator.ActiveCfg = Release|Any CPU
		{8287DD45-2196-416A-8811-B8AC4A7886C1}.Release|iPhoneSimulator.Build.0 = Release|Any CPU
		{8287DD45-2196-416A-8811-B8AC4A7886C1}.Release|x64.ActiveCfg = Release|Any CPU
		{8287DD45-2196-416A-8811-B8AC4A7886C1}.Release|x64.Build.0 = Release|Any CPU
		{8287DD45-2196-416A-8811-B8AC4A7886C1}.Release|x86.ActiveCfg = Release|Any CPU
		{8287DD45-2196-416A-8811-B8AC4A7886C1}.Release|x86.Build.0 = Release|Any CPU
		{28403A86-5D02-493C-8BAE-5D868F050EDD}.Ad-Hoc|Any CPU.ActiveCfg = Release|Any CPU
		{28403A86-5D02-493C-8BAE-5D868F050EDD}.Ad-Hoc|Any CPU.Build.0 = Release|Any CPU
		{28403A86-5D02-493C-8BAE-5D868F050EDD}.Ad-Hoc|ARM.ActiveCfg = Release|Any CPU
		{28403A86-5D02-493C-8BAE-5D868F050EDD}.Ad-Hoc|ARM.Build.0 = Release|Any CPU
		{28403A86-5D02-493C-8BAE-5D868F050EDD}.Ad-Hoc|iPhone.ActiveCfg = Release|Any CPU
		{28403A86-5D02-493C-8BAE-5D868F050EDD}.Ad-Hoc|iPhone.Build.0 = Release|Any CPU
		{28403A86-5D02-493C-8BAE-5D868F050EDD}.Ad-Hoc|iPhoneSimulator.ActiveCfg = Release|Any CPU
		{28403A86-5D02-493C-8BAE-5D868F050EDD}.Ad-Hoc|iPhoneSimulator.Build.0 = Release|Any CPU
		{28403A86-5D02-493C-8BAE-5D868F050EDD}.Ad-Hoc|x64.ActiveCfg = Release|Any CPU
		{28403A86-5D02-493C-8BAE-5D868F050EDD}.Ad-Hoc|x64.Build.0 = Release|Any CPU
		{28403A86-5D02-493C-8BAE-5D868F050EDD}.Ad-Hoc|x86.ActiveCfg = Release|Any CPU
		{28403A86-5D02-493C-8BAE-5D868F050EDD}.Ad-Hoc|x86.Build.0 = Release|Any CPU
		{28403A86-5D02-493C-8BAE-5D868F050EDD}.AppStore|Any CPU.ActiveCfg = Release|Any CPU
		{28403A86-5D02-493C-8BAE-5D868F050EDD}.AppStore|Any CPU.Build.0 = Release|Any CPU
		{28403A86-5D02-493C-8BAE-5D868F050EDD}.AppStore|ARM.ActiveCfg = Release|Any CPU
		{28403A86-5D02-493C-8BAE-5D868F050EDD}.AppStore|ARM.Build.0 = Release|Any CPU
		{28403A86-5D02-493C-8BAE-5D868F050EDD}.AppStore|iPhone.ActiveCfg = Release|Any CPU
		{28403A86-5D02-493C-8BAE-5D868F050EDD}.AppStore|iPhone.Build.0 = Release|Any CPU
		{28403A86-5D02-493C-8BAE-5D868F050EDD}.AppStore|iPhoneSimulator.ActiveCfg = Release|Any CPU
		{28403A86-5D02-493C-8BAE-5D868F050EDD}.AppStore|iPhoneSimulator.Build.0 = Release|Any CPU
		{28403A86-5D02-493C-8BAE-5D868F050EDD}.AppStore|x64.ActiveCfg = Release|Any CPU
		{28403A86-5D02-493C-8BAE-5D868F050EDD}.AppStore|x64.Build.0 = Release|Any CPU
		{28403A86-5D02-493C-8BAE-5D868F050EDD}.AppStore|x86.ActiveCfg = Release|Any CPU
		{28403A86-5D02-493C-8BAE-5D868F050EDD}.AppStore|x86.Build.0 = Release|Any CPU
		{28403A86-5D02-493C-8BAE-5D868F050EDD}.Debug|Any CPU.ActiveCfg = Debug|Any CPU
		{28403A86-5D02-493C-8BAE-5D868F050EDD}.Debug|Any CPU.Build.0 = Debug|Any CPU
		{28403A86-5D02-493C-8BAE-5D868F050EDD}.Debug|ARM.ActiveCfg = Debug|Any CPU
		{28403A86-5D02-493C-8BAE-5D868F050EDD}.Debug|ARM.Build.0 = Debug|Any CPU
		{28403A86-5D02-493C-8BAE-5D868F050EDD}.Debug|iPhone.ActiveCfg = Debug|Any CPU
		{28403A86-5D02-493C-8BAE-5D868F050EDD}.Debug|iPhone.Build.0 = Debug|Any CPU
		{28403A86-5D02-493C-8BAE-5D868F050EDD}.Debug|iPhoneSimulator.ActiveCfg = Debug|Any CPU
		{28403A86-5D02-493C-8BAE-5D868F050EDD}.Debug|iPhoneSimulator.Build.0 = Debug|Any CPU
		{28403A86-5D02-493C-8BAE-5D868F050EDD}.Debug|x64.ActiveCfg = Debug|Any CPU
		{28403A86-5D02-493C-8BAE-5D868F050EDD}.Debug|x64.Build.0 = Debug|Any CPU
		{28403A86-5D02-493C-8BAE-5D868F050EDD}.Debug|x86.ActiveCfg = Debug|Any CPU
		{28403A86-5D02-493C-8BAE-5D868F050EDD}.Debug|x86.Build.0 = Debug|Any CPU
		{28403A86-5D02-493C-8BAE-5D868F050EDD}.Release|Any CPU.ActiveCfg = Release|Any CPU
		{28403A86-5D02-493C-8BAE-5D868F050EDD}.Release|Any CPU.Build.0 = Release|Any CPU
		{28403A86-5D02-493C-8BAE-5D868F050EDD}.Release|ARM.ActiveCfg = Release|Any CPU
		{28403A86-5D02-493C-8BAE-5D868F050EDD}.Release|ARM.Build.0 = Release|Any CPU
		{28403A86-5D02-493C-8BAE-5D868F050EDD}.Release|iPhone.ActiveCfg = Release|Any CPU
		{28403A86-5D02-493C-8BAE-5D868F050EDD}.Release|iPhone.Build.0 = Release|Any CPU
		{28403A86-5D02-493C-8BAE-5D868F050EDD}.Release|iPhoneSimulator.ActiveCfg = Release|Any CPU
		{28403A86-5D02-493C-8BAE-5D868F050EDD}.Release|iPhoneSimulator.Build.0 = Release|Any CPU
		{28403A86-5D02-493C-8BAE-5D868F050EDD}.Release|x64.ActiveCfg = Release|Any CPU
		{28403A86-5D02-493C-8BAE-5D868F050EDD}.Release|x64.Build.0 = Release|Any CPU
		{28403A86-5D02-493C-8BAE-5D868F050EDD}.Release|x86.ActiveCfg = Release|Any CPU
		{28403A86-5D02-493C-8BAE-5D868F050EDD}.Release|x86.Build.0 = Release|Any CPU
		{B6187674-C17F-4422-915D-DE97758A3532}.Ad-Hoc|Any CPU.ActiveCfg = Release|Any CPU
		{B6187674-C17F-4422-915D-DE97758A3532}.Ad-Hoc|Any CPU.Build.0 = Release|Any CPU
		{B6187674-C17F-4422-915D-DE97758A3532}.Ad-Hoc|ARM.ActiveCfg = Release|Any CPU
		{B6187674-C17F-4422-915D-DE97758A3532}.Ad-Hoc|ARM.Build.0 = Release|Any CPU
		{B6187674-C17F-4422-915D-DE97758A3532}.Ad-Hoc|iPhone.ActiveCfg = Release|Any CPU
		{B6187674-C17F-4422-915D-DE97758A3532}.Ad-Hoc|iPhone.Build.0 = Release|Any CPU
		{B6187674-C17F-4422-915D-DE97758A3532}.Ad-Hoc|iPhoneSimulator.ActiveCfg = Release|Any CPU
		{B6187674-C17F-4422-915D-DE97758A3532}.Ad-Hoc|iPhoneSimulator.Build.0 = Release|Any CPU
		{B6187674-C17F-4422-915D-DE97758A3532}.Ad-Hoc|x64.ActiveCfg = Release|Any CPU
		{B6187674-C17F-4422-915D-DE97758A3532}.Ad-Hoc|x64.Build.0 = Release|Any CPU
		{B6187674-C17F-4422-915D-DE97758A3532}.Ad-Hoc|x86.ActiveCfg = Release|Any CPU
		{B6187674-C17F-4422-915D-DE97758A3532}.Ad-Hoc|x86.Build.0 = Release|Any CPU
		{B6187674-C17F-4422-915D-DE97758A3532}.AppStore|Any CPU.ActiveCfg = Release|Any CPU
		{B6187674-C17F-4422-915D-DE97758A3532}.AppStore|Any CPU.Build.0 = Release|Any CPU
		{B6187674-C17F-4422-915D-DE97758A3532}.AppStore|ARM.ActiveCfg = Release|Any CPU
		{B6187674-C17F-4422-915D-DE97758A3532}.AppStore|ARM.Build.0 = Release|Any CPU
		{B6187674-C17F-4422-915D-DE97758A3532}.AppStore|iPhone.ActiveCfg = Release|Any CPU
		{B6187674-C17F-4422-915D-DE97758A3532}.AppStore|iPhone.Build.0 = Release|Any CPU
		{B6187674-C17F-4422-915D-DE97758A3532}.AppStore|iPhoneSimulator.ActiveCfg = Release|Any CPU
		{B6187674-C17F-4422-915D-DE97758A3532}.AppStore|iPhoneSimulator.Build.0 = Release|Any CPU
		{B6187674-C17F-4422-915D-DE97758A3532}.AppStore|x64.ActiveCfg = Release|Any CPU
		{B6187674-C17F-4422-915D-DE97758A3532}.AppStore|x64.Build.0 = Release|Any CPU
		{B6187674-C17F-4422-915D-DE97758A3532}.AppStore|x86.ActiveCfg = Release|Any CPU
		{B6187674-C17F-4422-915D-DE97758A3532}.AppStore|x86.Build.0 = Release|Any CPU
		{B6187674-C17F-4422-915D-DE97758A3532}.Debug|Any CPU.ActiveCfg = Debug|Any CPU
		{B6187674-C17F-4422-915D-DE97758A3532}.Debug|Any CPU.Build.0 = Debug|Any CPU
		{B6187674-C17F-4422-915D-DE97758A3532}.Debug|ARM.ActiveCfg = Debug|Any CPU
		{B6187674-C17F-4422-915D-DE97758A3532}.Debug|ARM.Build.0 = Debug|Any CPU
		{B6187674-C17F-4422-915D-DE97758A3532}.Debug|iPhone.ActiveCfg = Debug|Any CPU
		{B6187674-C17F-4422-915D-DE97758A3532}.Debug|iPhone.Build.0 = Debug|Any CPU
		{B6187674-C17F-4422-915D-DE97758A3532}.Debug|iPhoneSimulator.ActiveCfg = Debug|Any CPU
		{B6187674-C17F-4422-915D-DE97758A3532}.Debug|iPhoneSimulator.Build.0 = Debug|Any CPU
		{B6187674-C17F-4422-915D-DE97758A3532}.Debug|x64.ActiveCfg = Debug|Any CPU
		{B6187674-C17F-4422-915D-DE97758A3532}.Debug|x64.Build.0 = Debug|Any CPU
		{B6187674-C17F-4422-915D-DE97758A3532}.Debug|x86.ActiveCfg = Debug|Any CPU
		{B6187674-C17F-4422-915D-DE97758A3532}.Debug|x86.Build.0 = Debug|Any CPU
		{B6187674-C17F-4422-915D-DE97758A3532}.Release|Any CPU.ActiveCfg = Release|Any CPU
		{B6187674-C17F-4422-915D-DE97758A3532}.Release|Any CPU.Build.0 = Release|Any CPU
		{B6187674-C17F-4422-915D-DE97758A3532}.Release|ARM.ActiveCfg = Release|Any CPU
		{B6187674-C17F-4422-915D-DE97758A3532}.Release|ARM.Build.0 = Release|Any CPU
		{B6187674-C17F-4422-915D-DE97758A3532}.Release|iPhone.ActiveCfg = Release|Any CPU
		{B6187674-C17F-4422-915D-DE97758A3532}.Release|iPhone.Build.0 = Release|Any CPU
		{B6187674-C17F-4422-915D-DE97758A3532}.Release|iPhoneSimulator.ActiveCfg = Release|Any CPU
		{B6187674-C17F-4422-915D-DE97758A3532}.Release|iPhoneSimulator.Build.0 = Release|Any CPU
		{B6187674-C17F-4422-915D-DE97758A3532}.Release|x64.ActiveCfg = Release|Any CPU
		{B6187674-C17F-4422-915D-DE97758A3532}.Release|x64.Build.0 = Release|Any CPU
		{B6187674-C17F-4422-915D-DE97758A3532}.Release|x86.ActiveCfg = Release|Any CPU
		{B6187674-C17F-4422-915D-DE97758A3532}.Release|x86.Build.0 = Release|Any CPU
		{FE6300DF-5385-4258-98F8-52005F9E9736}.Ad-Hoc|Any CPU.ActiveCfg = Release|Any CPU
		{FE6300DF-5385-4258-98F8-52005F9E9736}.Ad-Hoc|Any CPU.Build.0 = Release|Any CPU
		{FE6300DF-5385-4258-98F8-52005F9E9736}.Ad-Hoc|ARM.ActiveCfg = Release|Any CPU
		{FE6300DF-5385-4258-98F8-52005F9E9736}.Ad-Hoc|ARM.Build.0 = Release|Any CPU
		{FE6300DF-5385-4258-98F8-52005F9E9736}.Ad-Hoc|iPhone.ActiveCfg = Release|Any CPU
		{FE6300DF-5385-4258-98F8-52005F9E9736}.Ad-Hoc|iPhone.Build.0 = Release|Any CPU
		{FE6300DF-5385-4258-98F8-52005F9E9736}.Ad-Hoc|iPhoneSimulator.ActiveCfg = Release|Any CPU
		{FE6300DF-5385-4258-98F8-52005F9E9736}.Ad-Hoc|iPhoneSimulator.Build.0 = Release|Any CPU
		{FE6300DF-5385-4258-98F8-52005F9E9736}.Ad-Hoc|x64.ActiveCfg = Release|Any CPU
		{FE6300DF-5385-4258-98F8-52005F9E9736}.Ad-Hoc|x64.Build.0 = Release|Any CPU
		{FE6300DF-5385-4258-98F8-52005F9E9736}.Ad-Hoc|x86.ActiveCfg = Release|Any CPU
		{FE6300DF-5385-4258-98F8-52005F9E9736}.Ad-Hoc|x86.Build.0 = Release|Any CPU
		{FE6300DF-5385-4258-98F8-52005F9E9736}.AppStore|Any CPU.ActiveCfg = Release|Any CPU
		{FE6300DF-5385-4258-98F8-52005F9E9736}.AppStore|Any CPU.Build.0 = Release|Any CPU
		{FE6300DF-5385-4258-98F8-52005F9E9736}.AppStore|ARM.ActiveCfg = Release|Any CPU
		{FE6300DF-5385-4258-98F8-52005F9E9736}.AppStore|ARM.Build.0 = Release|Any CPU
		{FE6300DF-5385-4258-98F8-52005F9E9736}.AppStore|iPhone.ActiveCfg = Release|Any CPU
		{FE6300DF-5385-4258-98F8-52005F9E9736}.AppStore|iPhone.Build.0 = Release|Any CPU
		{FE6300DF-5385-4258-98F8-52005F9E9736}.AppStore|iPhoneSimulator.ActiveCfg = Release|Any CPU
		{FE6300DF-5385-4258-98F8-52005F9E9736}.AppStore|iPhoneSimulator.Build.0 = Release|Any CPU
		{FE6300DF-5385-4258-98F8-52005F9E9736}.AppStore|x64.ActiveCfg = Release|Any CPU
		{FE6300DF-5385-4258-98F8-52005F9E9736}.AppStore|x64.Build.0 = Release|Any CPU
		{FE6300DF-5385-4258-98F8-52005F9E9736}.AppStore|x86.ActiveCfg = Release|Any CPU
		{FE6300DF-5385-4258-98F8-52005F9E9736}.AppStore|x86.Build.0 = Release|Any CPU
		{FE6300DF-5385-4258-98F8-52005F9E9736}.Debug|Any CPU.ActiveCfg = Debug|Any CPU
		{FE6300DF-5385-4258-98F8-52005F9E9736}.Debug|Any CPU.Build.0 = Debug|Any CPU
		{FE6300DF-5385-4258-98F8-52005F9E9736}.Debug|ARM.ActiveCfg = Debug|Any CPU
		{FE6300DF-5385-4258-98F8-52005F9E9736}.Debug|ARM.Build.0 = Debug|Any CPU
		{FE6300DF-5385-4258-98F8-52005F9E9736}.Debug|iPhone.ActiveCfg = Debug|Any CPU
		{FE6300DF-5385-4258-98F8-52005F9E9736}.Debug|iPhone.Build.0 = Debug|Any CPU
		{FE6300DF-5385-4258-98F8-52005F9E9736}.Debug|iPhoneSimulator.ActiveCfg = Debug|Any CPU
		{FE6300DF-5385-4258-98F8-52005F9E9736}.Debug|iPhoneSimulator.Build.0 = Debug|Any CPU
		{FE6300DF-5385-4258-98F8-52005F9E9736}.Debug|x64.ActiveCfg = Debug|Any CPU
		{FE6300DF-5385-4258-98F8-52005F9E9736}.Debug|x64.Build.0 = Debug|Any CPU
		{FE6300DF-5385-4258-98F8-52005F9E9736}.Debug|x86.ActiveCfg = Debug|Any CPU
		{FE6300DF-5385-4258-98F8-52005F9E9736}.Debug|x86.Build.0 = Debug|Any CPU
		{FE6300DF-5385-4258-98F8-52005F9E9736}.Release|Any CPU.ActiveCfg = Release|Any CPU
		{FE6300DF-5385-4258-98F8-52005F9E9736}.Release|Any CPU.Build.0 = Release|Any CPU
		{FE6300DF-5385-4258-98F8-52005F9E9736}.Release|ARM.ActiveCfg = Release|Any CPU
		{FE6300DF-5385-4258-98F8-52005F9E9736}.Release|ARM.Build.0 = Release|Any CPU
		{FE6300DF-5385-4258-98F8-52005F9E9736}.Release|iPhone.ActiveCfg = Release|Any CPU
		{FE6300DF-5385-4258-98F8-52005F9E9736}.Release|iPhone.Build.0 = Release|Any CPU
		{FE6300DF-5385-4258-98F8-52005F9E9736}.Release|iPhoneSimulator.ActiveCfg = Release|Any CPU
		{FE6300DF-5385-4258-98F8-52005F9E9736}.Release|iPhoneSimulator.Build.0 = Release|Any CPU
		{FE6300DF-5385-4258-98F8-52005F9E9736}.Release|x64.ActiveCfg = Release|Any CPU
		{FE6300DF-5385-4258-98F8-52005F9E9736}.Release|x64.Build.0 = Release|Any CPU
		{FE6300DF-5385-4258-98F8-52005F9E9736}.Release|x86.ActiveCfg = Release|Any CPU
		{FE6300DF-5385-4258-98F8-52005F9E9736}.Release|x86.Build.0 = Release|Any CPU
		{09A6DA44-C447-4189-83FF-A19CFF9F1C5D}.Ad-Hoc|Any CPU.ActiveCfg = Release|Any CPU
		{09A6DA44-C447-4189-83FF-A19CFF9F1C5D}.Ad-Hoc|Any CPU.Build.0 = Release|Any CPU
		{09A6DA44-C447-4189-83FF-A19CFF9F1C5D}.Ad-Hoc|ARM.ActiveCfg = Release|Any CPU
		{09A6DA44-C447-4189-83FF-A19CFF9F1C5D}.Ad-Hoc|ARM.Build.0 = Release|Any CPU
		{09A6DA44-C447-4189-83FF-A19CFF9F1C5D}.Ad-Hoc|iPhone.ActiveCfg = Release|Any CPU
		{09A6DA44-C447-4189-83FF-A19CFF9F1C5D}.Ad-Hoc|iPhone.Build.0 = Release|Any CPU
		{09A6DA44-C447-4189-83FF-A19CFF9F1C5D}.Ad-Hoc|iPhoneSimulator.ActiveCfg = Release|Any CPU
		{09A6DA44-C447-4189-83FF-A19CFF9F1C5D}.Ad-Hoc|iPhoneSimulator.Build.0 = Release|Any CPU
		{09A6DA44-C447-4189-83FF-A19CFF9F1C5D}.Ad-Hoc|x64.ActiveCfg = Release|Any CPU
		{09A6DA44-C447-4189-83FF-A19CFF9F1C5D}.Ad-Hoc|x64.Build.0 = Release|Any CPU
		{09A6DA44-C447-4189-83FF-A19CFF9F1C5D}.Ad-Hoc|x86.ActiveCfg = Release|Any CPU
		{09A6DA44-C447-4189-83FF-A19CFF9F1C5D}.Ad-Hoc|x86.Build.0 = Release|Any CPU
		{09A6DA44-C447-4189-83FF-A19CFF9F1C5D}.AppStore|Any CPU.ActiveCfg = Release|Any CPU
		{09A6DA44-C447-4189-83FF-A19CFF9F1C5D}.AppStore|Any CPU.Build.0 = Release|Any CPU
		{09A6DA44-C447-4189-83FF-A19CFF9F1C5D}.AppStore|ARM.ActiveCfg = Release|Any CPU
		{09A6DA44-C447-4189-83FF-A19CFF9F1C5D}.AppStore|ARM.Build.0 = Release|Any CPU
		{09A6DA44-C447-4189-83FF-A19CFF9F1C5D}.AppStore|iPhone.ActiveCfg = Release|Any CPU
		{09A6DA44-C447-4189-83FF-A19CFF9F1C5D}.AppStore|iPhone.Build.0 = Release|Any CPU
		{09A6DA44-C447-4189-83FF-A19CFF9F1C5D}.AppStore|iPhoneSimulator.ActiveCfg = Release|Any CPU
		{09A6DA44-C447-4189-83FF-A19CFF9F1C5D}.AppStore|iPhoneSimulator.Build.0 = Release|Any CPU
		{09A6DA44-C447-4189-83FF-A19CFF9F1C5D}.AppStore|x64.ActiveCfg = Release|Any CPU
		{09A6DA44-C447-4189-83FF-A19CFF9F1C5D}.AppStore|x64.Build.0 = Release|Any CPU
		{09A6DA44-C447-4189-83FF-A19CFF9F1C5D}.AppStore|x86.ActiveCfg = Release|Any CPU
		{09A6DA44-C447-4189-83FF-A19CFF9F1C5D}.AppStore|x86.Build.0 = Release|Any CPU
		{09A6DA44-C447-4189-83FF-A19CFF9F1C5D}.Debug|Any CPU.ActiveCfg = Debug|Any CPU
		{09A6DA44-C447-4189-83FF-A19CFF9F1C5D}.Debug|Any CPU.Build.0 = Debug|Any CPU
		{09A6DA44-C447-4189-83FF-A19CFF9F1C5D}.Debug|ARM.ActiveCfg = Debug|Any CPU
		{09A6DA44-C447-4189-83FF-A19CFF9F1C5D}.Debug|ARM.Build.0 = Debug|Any CPU
		{09A6DA44-C447-4189-83FF-A19CFF9F1C5D}.Debug|iPhone.ActiveCfg = Debug|Any CPU
		{09A6DA44-C447-4189-83FF-A19CFF9F1C5D}.Debug|iPhone.Build.0 = Debug|Any CPU
		{09A6DA44-C447-4189-83FF-A19CFF9F1C5D}.Debug|iPhoneSimulator.ActiveCfg = Debug|Any CPU
		{09A6DA44-C447-4189-83FF-A19CFF9F1C5D}.Debug|iPhoneSimulator.Build.0 = Debug|Any CPU
		{09A6DA44-C447-4189-83FF-A19CFF9F1C5D}.Debug|x64.ActiveCfg = Debug|Any CPU
		{09A6DA44-C447-4189-83FF-A19CFF9F1C5D}.Debug|x64.Build.0 = Debug|Any CPU
		{09A6DA44-C447-4189-83FF-A19CFF9F1C5D}.Debug|x86.ActiveCfg = Debug|Any CPU
		{09A6DA44-C447-4189-83FF-A19CFF9F1C5D}.Debug|x86.Build.0 = Debug|Any CPU
		{09A6DA44-C447-4189-83FF-A19CFF9F1C5D}.Release|Any CPU.ActiveCfg = Release|Any CPU
		{09A6DA44-C447-4189-83FF-A19CFF9F1C5D}.Release|Any CPU.Build.0 = Release|Any CPU
		{09A6DA44-C447-4189-83FF-A19CFF9F1C5D}.Release|ARM.ActiveCfg = Release|Any CPU
		{09A6DA44-C447-4189-83FF-A19CFF9F1C5D}.Release|ARM.Build.0 = Release|Any CPU
		{09A6DA44-C447-4189-83FF-A19CFF9F1C5D}.Release|iPhone.ActiveCfg = Release|Any CPU
		{09A6DA44-C447-4189-83FF-A19CFF9F1C5D}.Release|iPhone.Build.0 = Release|Any CPU
		{09A6DA44-C447-4189-83FF-A19CFF9F1C5D}.Release|iPhoneSimulator.ActiveCfg = Release|Any CPU
		{09A6DA44-C447-4189-83FF-A19CFF9F1C5D}.Release|iPhoneSimulator.Build.0 = Release|Any CPU
		{09A6DA44-C447-4189-83FF-A19CFF9F1C5D}.Release|x64.ActiveCfg = Release|Any CPU
		{09A6DA44-C447-4189-83FF-A19CFF9F1C5D}.Release|x64.Build.0 = Release|Any CPU
		{09A6DA44-C447-4189-83FF-A19CFF9F1C5D}.Release|x86.ActiveCfg = Release|Any CPU
		{09A6DA44-C447-4189-83FF-A19CFF9F1C5D}.Release|x86.Build.0 = Release|Any CPU
		{B18DC686-F0D0-4ACE-B37A-C769BC3B47F5}.Ad-Hoc|Any CPU.ActiveCfg = Release|Any CPU
		{B18DC686-F0D0-4ACE-B37A-C769BC3B47F5}.Ad-Hoc|Any CPU.Build.0 = Release|Any CPU
		{B18DC686-F0D0-4ACE-B37A-C769BC3B47F5}.Ad-Hoc|ARM.ActiveCfg = Release|Any CPU
		{B18DC686-F0D0-4ACE-B37A-C769BC3B47F5}.Ad-Hoc|ARM.Build.0 = Release|Any CPU
		{B18DC686-F0D0-4ACE-B37A-C769BC3B47F5}.Ad-Hoc|iPhone.ActiveCfg = Release|Any CPU
		{B18DC686-F0D0-4ACE-B37A-C769BC3B47F5}.Ad-Hoc|iPhone.Build.0 = Release|Any CPU
		{B18DC686-F0D0-4ACE-B37A-C769BC3B47F5}.Ad-Hoc|iPhoneSimulator.ActiveCfg = Release|Any CPU
		{B18DC686-F0D0-4ACE-B37A-C769BC3B47F5}.Ad-Hoc|iPhoneSimulator.Build.0 = Release|Any CPU
		{B18DC686-F0D0-4ACE-B37A-C769BC3B47F5}.Ad-Hoc|x64.ActiveCfg = Release|Any CPU
		{B18DC686-F0D0-4ACE-B37A-C769BC3B47F5}.Ad-Hoc|x64.Build.0 = Release|Any CPU
		{B18DC686-F0D0-4ACE-B37A-C769BC3B47F5}.Ad-Hoc|x86.ActiveCfg = Release|Any CPU
		{B18DC686-F0D0-4ACE-B37A-C769BC3B47F5}.Ad-Hoc|x86.Build.0 = Release|Any CPU
		{B18DC686-F0D0-4ACE-B37A-C769BC3B47F5}.AppStore|Any CPU.ActiveCfg = Release|Any CPU
		{B18DC686-F0D0-4ACE-B37A-C769BC3B47F5}.AppStore|Any CPU.Build.0 = Release|Any CPU
		{B18DC686-F0D0-4ACE-B37A-C769BC3B47F5}.AppStore|ARM.ActiveCfg = Release|Any CPU
		{B18DC686-F0D0-4ACE-B37A-C769BC3B47F5}.AppStore|ARM.Build.0 = Release|Any CPU
		{B18DC686-F0D0-4ACE-B37A-C769BC3B47F5}.AppStore|iPhone.ActiveCfg = Release|Any CPU
		{B18DC686-F0D0-4ACE-B37A-C769BC3B47F5}.AppStore|iPhone.Build.0 = Release|Any CPU
		{B18DC686-F0D0-4ACE-B37A-C769BC3B47F5}.AppStore|iPhoneSimulator.ActiveCfg = Release|Any CPU
		{B18DC686-F0D0-4ACE-B37A-C769BC3B47F5}.AppStore|iPhoneSimulator.Build.0 = Release|Any CPU
		{B18DC686-F0D0-4ACE-B37A-C769BC3B47F5}.AppStore|x64.ActiveCfg = Release|Any CPU
		{B18DC686-F0D0-4ACE-B37A-C769BC3B47F5}.AppStore|x64.Build.0 = Release|Any CPU
		{B18DC686-F0D0-4ACE-B37A-C769BC3B47F5}.AppStore|x86.ActiveCfg = Release|Any CPU
		{B18DC686-F0D0-4ACE-B37A-C769BC3B47F5}.AppStore|x86.Build.0 = Release|Any CPU
		{B18DC686-F0D0-4ACE-B37A-C769BC3B47F5}.Debug|Any CPU.ActiveCfg = Debug|Any CPU
		{B18DC686-F0D0-4ACE-B37A-C769BC3B47F5}.Debug|Any CPU.Build.0 = Debug|Any CPU
		{B18DC686-F0D0-4ACE-B37A-C769BC3B47F5}.Debug|ARM.ActiveCfg = Debug|Any CPU
		{B18DC686-F0D0-4ACE-B37A-C769BC3B47F5}.Debug|ARM.Build.0 = Debug|Any CPU
		{B18DC686-F0D0-4ACE-B37A-C769BC3B47F5}.Debug|iPhone.ActiveCfg = Debug|Any CPU
		{B18DC686-F0D0-4ACE-B37A-C769BC3B47F5}.Debug|iPhone.Build.0 = Debug|Any CPU
		{B18DC686-F0D0-4ACE-B37A-C769BC3B47F5}.Debug|iPhoneSimulator.ActiveCfg = Debug|Any CPU
		{B18DC686-F0D0-4ACE-B37A-C769BC3B47F5}.Debug|iPhoneSimulator.Build.0 = Debug|Any CPU
		{B18DC686-F0D0-4ACE-B37A-C769BC3B47F5}.Debug|x64.ActiveCfg = Debug|Any CPU
		{B18DC686-F0D0-4ACE-B37A-C769BC3B47F5}.Debug|x64.Build.0 = Debug|Any CPU
		{B18DC686-F0D0-4ACE-B37A-C769BC3B47F5}.Debug|x86.ActiveCfg = Debug|Any CPU
		{B18DC686-F0D0-4ACE-B37A-C769BC3B47F5}.Debug|x86.Build.0 = Debug|Any CPU
		{B18DC686-F0D0-4ACE-B37A-C769BC3B47F5}.Release|Any CPU.ActiveCfg = Release|Any CPU
		{B18DC686-F0D0-4ACE-B37A-C769BC3B47F5}.Release|Any CPU.Build.0 = Release|Any CPU
		{B18DC686-F0D0-4ACE-B37A-C769BC3B47F5}.Release|ARM.ActiveCfg = Release|Any CPU
		{B18DC686-F0D0-4ACE-B37A-C769BC3B47F5}.Release|ARM.Build.0 = Release|Any CPU
		{B18DC686-F0D0-4ACE-B37A-C769BC3B47F5}.Release|iPhone.ActiveCfg = Release|Any CPU
		{B18DC686-F0D0-4ACE-B37A-C769BC3B47F5}.Release|iPhone.Build.0 = Release|Any CPU
		{B18DC686-F0D0-4ACE-B37A-C769BC3B47F5}.Release|iPhoneSimulator.ActiveCfg = Release|Any CPU
		{B18DC686-F0D0-4ACE-B37A-C769BC3B47F5}.Release|iPhoneSimulator.Build.0 = Release|Any CPU
		{B18DC686-F0D0-4ACE-B37A-C769BC3B47F5}.Release|x64.ActiveCfg = Release|Any CPU
		{B18DC686-F0D0-4ACE-B37A-C769BC3B47F5}.Release|x64.Build.0 = Release|Any CPU
		{B18DC686-F0D0-4ACE-B37A-C769BC3B47F5}.Release|x86.ActiveCfg = Release|Any CPU
		{B18DC686-F0D0-4ACE-B37A-C769BC3B47F5}.Release|x86.Build.0 = Release|Any CPU
		{98437592-AF6B-45D7-80CE-653938BB2EFD}.Ad-Hoc|Any CPU.ActiveCfg = Release|Any CPU
		{98437592-AF6B-45D7-80CE-653938BB2EFD}.Ad-Hoc|Any CPU.Build.0 = Release|Any CPU
		{98437592-AF6B-45D7-80CE-653938BB2EFD}.Ad-Hoc|ARM.ActiveCfg = Release|Any CPU
		{98437592-AF6B-45D7-80CE-653938BB2EFD}.Ad-Hoc|ARM.Build.0 = Release|Any CPU
		{98437592-AF6B-45D7-80CE-653938BB2EFD}.Ad-Hoc|iPhone.ActiveCfg = Release|Any CPU
		{98437592-AF6B-45D7-80CE-653938BB2EFD}.Ad-Hoc|iPhone.Build.0 = Release|Any CPU
		{98437592-AF6B-45D7-80CE-653938BB2EFD}.Ad-Hoc|iPhoneSimulator.ActiveCfg = Release|Any CPU
		{98437592-AF6B-45D7-80CE-653938BB2EFD}.Ad-Hoc|iPhoneSimulator.Build.0 = Release|Any CPU
		{98437592-AF6B-45D7-80CE-653938BB2EFD}.Ad-Hoc|x64.ActiveCfg = Release|Any CPU
		{98437592-AF6B-45D7-80CE-653938BB2EFD}.Ad-Hoc|x64.Build.0 = Release|Any CPU
		{98437592-AF6B-45D7-80CE-653938BB2EFD}.Ad-Hoc|x86.ActiveCfg = Release|Any CPU
		{98437592-AF6B-45D7-80CE-653938BB2EFD}.Ad-Hoc|x86.Build.0 = Release|Any CPU
		{98437592-AF6B-45D7-80CE-653938BB2EFD}.AppStore|Any CPU.ActiveCfg = Release|Any CPU
		{98437592-AF6B-45D7-80CE-653938BB2EFD}.AppStore|Any CPU.Build.0 = Release|Any CPU
		{98437592-AF6B-45D7-80CE-653938BB2EFD}.AppStore|ARM.ActiveCfg = Release|Any CPU
		{98437592-AF6B-45D7-80CE-653938BB2EFD}.AppStore|ARM.Build.0 = Release|Any CPU
		{98437592-AF6B-45D7-80CE-653938BB2EFD}.AppStore|iPhone.ActiveCfg = Release|Any CPU
		{98437592-AF6B-45D7-80CE-653938BB2EFD}.AppStore|iPhone.Build.0 = Release|Any CPU
		{98437592-AF6B-45D7-80CE-653938BB2EFD}.AppStore|iPhoneSimulator.ActiveCfg = Release|Any CPU
		{98437592-AF6B-45D7-80CE-653938BB2EFD}.AppStore|iPhoneSimulator.Build.0 = Release|Any CPU
		{98437592-AF6B-45D7-80CE-653938BB2EFD}.AppStore|x64.ActiveCfg = Release|Any CPU
		{98437592-AF6B-45D7-80CE-653938BB2EFD}.AppStore|x64.Build.0 = Release|Any CPU
		{98437592-AF6B-45D7-80CE-653938BB2EFD}.AppStore|x86.ActiveCfg = Release|Any CPU
		{98437592-AF6B-45D7-80CE-653938BB2EFD}.AppStore|x86.Build.0 = Release|Any CPU
		{98437592-AF6B-45D7-80CE-653938BB2EFD}.Debug|Any CPU.ActiveCfg = Debug|Any CPU
		{98437592-AF6B-45D7-80CE-653938BB2EFD}.Debug|Any CPU.Build.0 = Debug|Any CPU
		{98437592-AF6B-45D7-80CE-653938BB2EFD}.Debug|ARM.ActiveCfg = Debug|Any CPU
		{98437592-AF6B-45D7-80CE-653938BB2EFD}.Debug|ARM.Build.0 = Debug|Any CPU
		{98437592-AF6B-45D7-80CE-653938BB2EFD}.Debug|iPhone.ActiveCfg = Debug|Any CPU
		{98437592-AF6B-45D7-80CE-653938BB2EFD}.Debug|iPhone.Build.0 = Debug|Any CPU
		{98437592-AF6B-45D7-80CE-653938BB2EFD}.Debug|iPhoneSimulator.ActiveCfg = Debug|Any CPU
		{98437592-AF6B-45D7-80CE-653938BB2EFD}.Debug|iPhoneSimulator.Build.0 = Debug|Any CPU
		{98437592-AF6B-45D7-80CE-653938BB2EFD}.Debug|x64.ActiveCfg = Debug|Any CPU
		{98437592-AF6B-45D7-80CE-653938BB2EFD}.Debug|x64.Build.0 = Debug|Any CPU
		{98437592-AF6B-45D7-80CE-653938BB2EFD}.Debug|x86.ActiveCfg = Debug|Any CPU
		{98437592-AF6B-45D7-80CE-653938BB2EFD}.Debug|x86.Build.0 = Debug|Any CPU
		{98437592-AF6B-45D7-80CE-653938BB2EFD}.Release|Any CPU.ActiveCfg = Release|Any CPU
		{98437592-AF6B-45D7-80CE-653938BB2EFD}.Release|Any CPU.Build.0 = Release|Any CPU
		{98437592-AF6B-45D7-80CE-653938BB2EFD}.Release|ARM.ActiveCfg = Release|Any CPU
		{98437592-AF6B-45D7-80CE-653938BB2EFD}.Release|ARM.Build.0 = Release|Any CPU
		{98437592-AF6B-45D7-80CE-653938BB2EFD}.Release|iPhone.ActiveCfg = Release|Any CPU
		{98437592-AF6B-45D7-80CE-653938BB2EFD}.Release|iPhone.Build.0 = Release|Any CPU
		{98437592-AF6B-45D7-80CE-653938BB2EFD}.Release|iPhoneSimulator.ActiveCfg = Release|Any CPU
		{98437592-AF6B-45D7-80CE-653938BB2EFD}.Release|iPhoneSimulator.Build.0 = Release|Any CPU
		{98437592-AF6B-45D7-80CE-653938BB2EFD}.Release|x64.ActiveCfg = Release|Any CPU
		{98437592-AF6B-45D7-80CE-653938BB2EFD}.Release|x64.Build.0 = Release|Any CPU
		{98437592-AF6B-45D7-80CE-653938BB2EFD}.Release|x86.ActiveCfg = Release|Any CPU
		{98437592-AF6B-45D7-80CE-653938BB2EFD}.Release|x86.Build.0 = Release|Any CPU
		{51CC8F2B-E795-4C38-BA7E-8010EF1100F7}.Ad-Hoc|Any CPU.ActiveCfg = Release|Any CPU
		{51CC8F2B-E795-4C38-BA7E-8010EF1100F7}.Ad-Hoc|Any CPU.Build.0 = Release|Any CPU
		{51CC8F2B-E795-4C38-BA7E-8010EF1100F7}.Ad-Hoc|ARM.ActiveCfg = Release|Any CPU
		{51CC8F2B-E795-4C38-BA7E-8010EF1100F7}.Ad-Hoc|ARM.Build.0 = Release|Any CPU
		{51CC8F2B-E795-4C38-BA7E-8010EF1100F7}.Ad-Hoc|iPhone.ActiveCfg = Release|Any CPU
		{51CC8F2B-E795-4C38-BA7E-8010EF1100F7}.Ad-Hoc|iPhone.Build.0 = Release|Any CPU
		{51CC8F2B-E795-4C38-BA7E-8010EF1100F7}.Ad-Hoc|iPhoneSimulator.ActiveCfg = Release|Any CPU
		{51CC8F2B-E795-4C38-BA7E-8010EF1100F7}.Ad-Hoc|iPhoneSimulator.Build.0 = Release|Any CPU
		{51CC8F2B-E795-4C38-BA7E-8010EF1100F7}.Ad-Hoc|x64.ActiveCfg = Release|Any CPU
		{51CC8F2B-E795-4C38-BA7E-8010EF1100F7}.Ad-Hoc|x64.Build.0 = Release|Any CPU
		{51CC8F2B-E795-4C38-BA7E-8010EF1100F7}.Ad-Hoc|x86.ActiveCfg = Release|Any CPU
		{51CC8F2B-E795-4C38-BA7E-8010EF1100F7}.Ad-Hoc|x86.Build.0 = Release|Any CPU
		{51CC8F2B-E795-4C38-BA7E-8010EF1100F7}.AppStore|Any CPU.ActiveCfg = Release|Any CPU
		{51CC8F2B-E795-4C38-BA7E-8010EF1100F7}.AppStore|Any CPU.Build.0 = Release|Any CPU
		{51CC8F2B-E795-4C38-BA7E-8010EF1100F7}.AppStore|ARM.ActiveCfg = Release|Any CPU
		{51CC8F2B-E795-4C38-BA7E-8010EF1100F7}.AppStore|ARM.Build.0 = Release|Any CPU
		{51CC8F2B-E795-4C38-BA7E-8010EF1100F7}.AppStore|iPhone.ActiveCfg = Release|Any CPU
		{51CC8F2B-E795-4C38-BA7E-8010EF1100F7}.AppStore|iPhone.Build.0 = Release|Any CPU
		{51CC8F2B-E795-4C38-BA7E-8010EF1100F7}.AppStore|iPhoneSimulator.ActiveCfg = Release|Any CPU
		{51CC8F2B-E795-4C38-BA7E-8010EF1100F7}.AppStore|iPhoneSimulator.Build.0 = Release|Any CPU
		{51CC8F2B-E795-4C38-BA7E-8010EF1100F7}.AppStore|x64.ActiveCfg = Release|Any CPU
		{51CC8F2B-E795-4C38-BA7E-8010EF1100F7}.AppStore|x64.Build.0 = Release|Any CPU
		{51CC8F2B-E795-4C38-BA7E-8010EF1100F7}.AppStore|x86.ActiveCfg = Release|Any CPU
		{51CC8F2B-E795-4C38-BA7E-8010EF1100F7}.AppStore|x86.Build.0 = Release|Any CPU
		{51CC8F2B-E795-4C38-BA7E-8010EF1100F7}.Debug|Any CPU.ActiveCfg = Debug|Any CPU
		{51CC8F2B-E795-4C38-BA7E-8010EF1100F7}.Debug|Any CPU.Build.0 = Debug|Any CPU
		{51CC8F2B-E795-4C38-BA7E-8010EF1100F7}.Debug|ARM.ActiveCfg = Debug|Any CPU
		{51CC8F2B-E795-4C38-BA7E-8010EF1100F7}.Debug|ARM.Build.0 = Debug|Any CPU
		{51CC8F2B-E795-4C38-BA7E-8010EF1100F7}.Debug|iPhone.ActiveCfg = Debug|Any CPU
		{51CC8F2B-E795-4C38-BA7E-8010EF1100F7}.Debug|iPhone.Build.0 = Debug|Any CPU
		{51CC8F2B-E795-4C38-BA7E-8010EF1100F7}.Debug|iPhoneSimulator.ActiveCfg = Debug|Any CPU
		{51CC8F2B-E795-4C38-BA7E-8010EF1100F7}.Debug|iPhoneSimulator.Build.0 = Debug|Any CPU
		{51CC8F2B-E795-4C38-BA7E-8010EF1100F7}.Debug|x64.ActiveCfg = Debug|Any CPU
		{51CC8F2B-E795-4C38-BA7E-8010EF1100F7}.Debug|x64.Build.0 = Debug|Any CPU
		{51CC8F2B-E795-4C38-BA7E-8010EF1100F7}.Debug|x86.ActiveCfg = Debug|Any CPU
		{51CC8F2B-E795-4C38-BA7E-8010EF1100F7}.Debug|x86.Build.0 = Debug|Any CPU
		{51CC8F2B-E795-4C38-BA7E-8010EF1100F7}.Release|Any CPU.ActiveCfg = Release|Any CPU
		{51CC8F2B-E795-4C38-BA7E-8010EF1100F7}.Release|Any CPU.Build.0 = Release|Any CPU
		{51CC8F2B-E795-4C38-BA7E-8010EF1100F7}.Release|ARM.ActiveCfg = Release|Any CPU
		{51CC8F2B-E795-4C38-BA7E-8010EF1100F7}.Release|ARM.Build.0 = Release|Any CPU
		{51CC8F2B-E795-4C38-BA7E-8010EF1100F7}.Release|iPhone.ActiveCfg = Release|Any CPU
		{51CC8F2B-E795-4C38-BA7E-8010EF1100F7}.Release|iPhone.Build.0 = Release|Any CPU
		{51CC8F2B-E795-4C38-BA7E-8010EF1100F7}.Release|iPhoneSimulator.ActiveCfg = Release|Any CPU
		{51CC8F2B-E795-4C38-BA7E-8010EF1100F7}.Release|iPhoneSimulator.Build.0 = Release|Any CPU
		{51CC8F2B-E795-4C38-BA7E-8010EF1100F7}.Release|x64.ActiveCfg = Release|Any CPU
		{51CC8F2B-E795-4C38-BA7E-8010EF1100F7}.Release|x64.Build.0 = Release|Any CPU
		{51CC8F2B-E795-4C38-BA7E-8010EF1100F7}.Release|x86.ActiveCfg = Release|Any CPU
		{51CC8F2B-E795-4C38-BA7E-8010EF1100F7}.Release|x86.Build.0 = Release|Any CPU
		{86B9A8C5-D120-4795-888C-30EE771D1071}.Ad-Hoc|Any CPU.ActiveCfg = Release|Any CPU
		{86B9A8C5-D120-4795-888C-30EE771D1071}.Ad-Hoc|Any CPU.Build.0 = Release|Any CPU
		{86B9A8C5-D120-4795-888C-30EE771D1071}.Ad-Hoc|ARM.ActiveCfg = Release|Any CPU
		{86B9A8C5-D120-4795-888C-30EE771D1071}.Ad-Hoc|ARM.Build.0 = Release|Any CPU
		{86B9A8C5-D120-4795-888C-30EE771D1071}.Ad-Hoc|iPhone.ActiveCfg = Release|Any CPU
		{86B9A8C5-D120-4795-888C-30EE771D1071}.Ad-Hoc|iPhone.Build.0 = Release|Any CPU
		{86B9A8C5-D120-4795-888C-30EE771D1071}.Ad-Hoc|iPhoneSimulator.ActiveCfg = Release|Any CPU
		{86B9A8C5-D120-4795-888C-30EE771D1071}.Ad-Hoc|iPhoneSimulator.Build.0 = Release|Any CPU
		{86B9A8C5-D120-4795-888C-30EE771D1071}.Ad-Hoc|x64.ActiveCfg = Release|Any CPU
		{86B9A8C5-D120-4795-888C-30EE771D1071}.Ad-Hoc|x64.Build.0 = Release|Any CPU
		{86B9A8C5-D120-4795-888C-30EE771D1071}.Ad-Hoc|x86.ActiveCfg = Release|Any CPU
		{86B9A8C5-D120-4795-888C-30EE771D1071}.Ad-Hoc|x86.Build.0 = Release|Any CPU
		{86B9A8C5-D120-4795-888C-30EE771D1071}.AppStore|Any CPU.ActiveCfg = Release|Any CPU
		{86B9A8C5-D120-4795-888C-30EE771D1071}.AppStore|Any CPU.Build.0 = Release|Any CPU
		{86B9A8C5-D120-4795-888C-30EE771D1071}.AppStore|ARM.ActiveCfg = Release|Any CPU
		{86B9A8C5-D120-4795-888C-30EE771D1071}.AppStore|ARM.Build.0 = Release|Any CPU
		{86B9A8C5-D120-4795-888C-30EE771D1071}.AppStore|iPhone.ActiveCfg = Release|Any CPU
		{86B9A8C5-D120-4795-888C-30EE771D1071}.AppStore|iPhone.Build.0 = Release|Any CPU
		{86B9A8C5-D120-4795-888C-30EE771D1071}.AppStore|iPhoneSimulator.ActiveCfg = Release|Any CPU
		{86B9A8C5-D120-4795-888C-30EE771D1071}.AppStore|iPhoneSimulator.Build.0 = Release|Any CPU
		{86B9A8C5-D120-4795-888C-30EE771D1071}.AppStore|x64.ActiveCfg = Release|Any CPU
		{86B9A8C5-D120-4795-888C-30EE771D1071}.AppStore|x64.Build.0 = Release|Any CPU
		{86B9A8C5-D120-4795-888C-30EE771D1071}.AppStore|x86.ActiveCfg = Release|Any CPU
		{86B9A8C5-D120-4795-888C-30EE771D1071}.AppStore|x86.Build.0 = Release|Any CPU
		{86B9A8C5-D120-4795-888C-30EE771D1071}.Debug|Any CPU.ActiveCfg = Debug|Any CPU
		{86B9A8C5-D120-4795-888C-30EE771D1071}.Debug|Any CPU.Build.0 = Debug|Any CPU
		{86B9A8C5-D120-4795-888C-30EE771D1071}.Debug|ARM.ActiveCfg = Debug|Any CPU
		{86B9A8C5-D120-4795-888C-30EE771D1071}.Debug|ARM.Build.0 = Debug|Any CPU
		{86B9A8C5-D120-4795-888C-30EE771D1071}.Debug|iPhone.ActiveCfg = Debug|Any CPU
		{86B9A8C5-D120-4795-888C-30EE771D1071}.Debug|iPhone.Build.0 = Debug|Any CPU
		{86B9A8C5-D120-4795-888C-30EE771D1071}.Debug|iPhoneSimulator.ActiveCfg = Debug|Any CPU
		{86B9A8C5-D120-4795-888C-30EE771D1071}.Debug|iPhoneSimulator.Build.0 = Debug|Any CPU
		{86B9A8C5-D120-4795-888C-30EE771D1071}.Debug|x64.ActiveCfg = Debug|Any CPU
		{86B9A8C5-D120-4795-888C-30EE771D1071}.Debug|x64.Build.0 = Debug|Any CPU
		{86B9A8C5-D120-4795-888C-30EE771D1071}.Debug|x86.ActiveCfg = Debug|Any CPU
		{86B9A8C5-D120-4795-888C-30EE771D1071}.Debug|x86.Build.0 = Debug|Any CPU
		{86B9A8C5-D120-4795-888C-30EE771D1071}.Release|Any CPU.ActiveCfg = Release|Any CPU
		{86B9A8C5-D120-4795-888C-30EE771D1071}.Release|Any CPU.Build.0 = Release|Any CPU
		{86B9A8C5-D120-4795-888C-30EE771D1071}.Release|ARM.ActiveCfg = Release|Any CPU
		{86B9A8C5-D120-4795-888C-30EE771D1071}.Release|ARM.Build.0 = Release|Any CPU
		{86B9A8C5-D120-4795-888C-30EE771D1071}.Release|iPhone.ActiveCfg = Release|Any CPU
		{86B9A8C5-D120-4795-888C-30EE771D1071}.Release|iPhone.Build.0 = Release|Any CPU
		{86B9A8C5-D120-4795-888C-30EE771D1071}.Release|iPhoneSimulator.ActiveCfg = Release|Any CPU
		{86B9A8C5-D120-4795-888C-30EE771D1071}.Release|iPhoneSimulator.Build.0 = Release|Any CPU
		{86B9A8C5-D120-4795-888C-30EE771D1071}.Release|x64.ActiveCfg = Release|Any CPU
		{86B9A8C5-D120-4795-888C-30EE771D1071}.Release|x64.Build.0 = Release|Any CPU
		{86B9A8C5-D120-4795-888C-30EE771D1071}.Release|x86.ActiveCfg = Release|Any CPU
		{86B9A8C5-D120-4795-888C-30EE771D1071}.Release|x86.Build.0 = Release|Any CPU
		{C9ACA67A-8ABE-4252-8D7C-EAFBB471EBA2}.Ad-Hoc|Any CPU.ActiveCfg = Release|Any CPU
		{C9ACA67A-8ABE-4252-8D7C-EAFBB471EBA2}.Ad-Hoc|Any CPU.Build.0 = Release|Any CPU
		{C9ACA67A-8ABE-4252-8D7C-EAFBB471EBA2}.Ad-Hoc|ARM.ActiveCfg = Release|Any CPU
		{C9ACA67A-8ABE-4252-8D7C-EAFBB471EBA2}.Ad-Hoc|ARM.Build.0 = Release|Any CPU
		{C9ACA67A-8ABE-4252-8D7C-EAFBB471EBA2}.Ad-Hoc|iPhone.ActiveCfg = Release|Any CPU
		{C9ACA67A-8ABE-4252-8D7C-EAFBB471EBA2}.Ad-Hoc|iPhone.Build.0 = Release|Any CPU
		{C9ACA67A-8ABE-4252-8D7C-EAFBB471EBA2}.Ad-Hoc|iPhoneSimulator.ActiveCfg = Release|Any CPU
		{C9ACA67A-8ABE-4252-8D7C-EAFBB471EBA2}.Ad-Hoc|iPhoneSimulator.Build.0 = Release|Any CPU
		{C9ACA67A-8ABE-4252-8D7C-EAFBB471EBA2}.Ad-Hoc|x64.ActiveCfg = Release|Any CPU
		{C9ACA67A-8ABE-4252-8D7C-EAFBB471EBA2}.Ad-Hoc|x64.Build.0 = Release|Any CPU
		{C9ACA67A-8ABE-4252-8D7C-EAFBB471EBA2}.Ad-Hoc|x86.ActiveCfg = Release|Any CPU
		{C9ACA67A-8ABE-4252-8D7C-EAFBB471EBA2}.Ad-Hoc|x86.Build.0 = Release|Any CPU
		{C9ACA67A-8ABE-4252-8D7C-EAFBB471EBA2}.AppStore|Any CPU.ActiveCfg = Release|Any CPU
		{C9ACA67A-8ABE-4252-8D7C-EAFBB471EBA2}.AppStore|Any CPU.Build.0 = Release|Any CPU
		{C9ACA67A-8ABE-4252-8D7C-EAFBB471EBA2}.AppStore|ARM.ActiveCfg = Release|Any CPU
		{C9ACA67A-8ABE-4252-8D7C-EAFBB471EBA2}.AppStore|ARM.Build.0 = Release|Any CPU
		{C9ACA67A-8ABE-4252-8D7C-EAFBB471EBA2}.AppStore|iPhone.ActiveCfg = Release|Any CPU
		{C9ACA67A-8ABE-4252-8D7C-EAFBB471EBA2}.AppStore|iPhone.Build.0 = Release|Any CPU
		{C9ACA67A-8ABE-4252-8D7C-EAFBB471EBA2}.AppStore|iPhoneSimulator.ActiveCfg = Release|Any CPU
		{C9ACA67A-8ABE-4252-8D7C-EAFBB471EBA2}.AppStore|iPhoneSimulator.Build.0 = Release|Any CPU
		{C9ACA67A-8ABE-4252-8D7C-EAFBB471EBA2}.AppStore|x64.ActiveCfg = Release|Any CPU
		{C9ACA67A-8ABE-4252-8D7C-EAFBB471EBA2}.AppStore|x64.Build.0 = Release|Any CPU
		{C9ACA67A-8ABE-4252-8D7C-EAFBB471EBA2}.AppStore|x86.ActiveCfg = Release|Any CPU
		{C9ACA67A-8ABE-4252-8D7C-EAFBB471EBA2}.AppStore|x86.Build.0 = Release|Any CPU
		{C9ACA67A-8ABE-4252-8D7C-EAFBB471EBA2}.Debug|Any CPU.ActiveCfg = Debug|Any CPU
		{C9ACA67A-8ABE-4252-8D7C-EAFBB471EBA2}.Debug|Any CPU.Build.0 = Debug|Any CPU
		{C9ACA67A-8ABE-4252-8D7C-EAFBB471EBA2}.Debug|ARM.ActiveCfg = Debug|Any CPU
		{C9ACA67A-8ABE-4252-8D7C-EAFBB471EBA2}.Debug|ARM.Build.0 = Debug|Any CPU
		{C9ACA67A-8ABE-4252-8D7C-EAFBB471EBA2}.Debug|iPhone.ActiveCfg = Debug|Any CPU
		{C9ACA67A-8ABE-4252-8D7C-EAFBB471EBA2}.Debug|iPhone.Build.0 = Debug|Any CPU
		{C9ACA67A-8ABE-4252-8D7C-EAFBB471EBA2}.Debug|iPhoneSimulator.ActiveCfg = Debug|Any CPU
		{C9ACA67A-8ABE-4252-8D7C-EAFBB471EBA2}.Debug|iPhoneSimulator.Build.0 = Debug|Any CPU
		{C9ACA67A-8ABE-4252-8D7C-EAFBB471EBA2}.Debug|x64.ActiveCfg = Debug|Any CPU
		{C9ACA67A-8ABE-4252-8D7C-EAFBB471EBA2}.Debug|x64.Build.0 = Debug|Any CPU
		{C9ACA67A-8ABE-4252-8D7C-EAFBB471EBA2}.Debug|x86.ActiveCfg = Debug|Any CPU
		{C9ACA67A-8ABE-4252-8D7C-EAFBB471EBA2}.Debug|x86.Build.0 = Debug|Any CPU
		{C9ACA67A-8ABE-4252-8D7C-EAFBB471EBA2}.Release|Any CPU.ActiveCfg = Release|Any CPU
		{C9ACA67A-8ABE-4252-8D7C-EAFBB471EBA2}.Release|Any CPU.Build.0 = Release|Any CPU
		{C9ACA67A-8ABE-4252-8D7C-EAFBB471EBA2}.Release|ARM.ActiveCfg = Release|Any CPU
		{C9ACA67A-8ABE-4252-8D7C-EAFBB471EBA2}.Release|ARM.Build.0 = Release|Any CPU
		{C9ACA67A-8ABE-4252-8D7C-EAFBB471EBA2}.Release|iPhone.ActiveCfg = Release|Any CPU
		{C9ACA67A-8ABE-4252-8D7C-EAFBB471EBA2}.Release|iPhone.Build.0 = Release|Any CPU
		{C9ACA67A-8ABE-4252-8D7C-EAFBB471EBA2}.Release|iPhoneSimulator.ActiveCfg = Release|Any CPU
		{C9ACA67A-8ABE-4252-8D7C-EAFBB471EBA2}.Release|iPhoneSimulator.Build.0 = Release|Any CPU
		{C9ACA67A-8ABE-4252-8D7C-EAFBB471EBA2}.Release|x64.ActiveCfg = Release|Any CPU
		{C9ACA67A-8ABE-4252-8D7C-EAFBB471EBA2}.Release|x64.Build.0 = Release|Any CPU
		{C9ACA67A-8ABE-4252-8D7C-EAFBB471EBA2}.Release|x86.ActiveCfg = Release|Any CPU
		{C9ACA67A-8ABE-4252-8D7C-EAFBB471EBA2}.Release|x86.Build.0 = Release|Any CPU
	EndGlobalSection
	GlobalSection(SolutionProperties) = preSolution
		HideSolutionNode = FALSE
	EndGlobalSection
	GlobalSection(NestedProjects) = preSolution
		{BB815ECF-9B66-4A80-8F84-AB4F6D183FD8} = {E6045443-113F-4513-A492-2853F7041964}
		{7C5B149F-E61E-4045-AF8C-B9380FD64E36} = {E6045443-113F-4513-A492-2853F7041964}
		{9904BFE1-B8BD-45E8-B097-439116B3D4D2} = {7C5B149F-E61E-4045-AF8C-B9380FD64E36}
		{B839A342-DE91-492A-BC87-CE26F0C3D5A4} = {5C193E57-7BA2-4629-A160-1A9523472F0A}
		{95FB68FE-0602-479D-ABC8-1E2B72ECB653} = {400341F2-D91C-45CC-906E-699917AC00F1}
		{FD7FFBBA-3363-43FB-B6E2-C8E17D8C9D70} = {5C193E57-7BA2-4629-A160-1A9523472F0A}
		{58687437-C986-4668-AA41-B83F2BA99F3D} = {BB815ECF-9B66-4A80-8F84-AB4F6D183FD8}
		{6C971484-ED20-4D93-8197-7A3886C49C57} = {BB815ECF-9B66-4A80-8F84-AB4F6D183FD8}
		{84CCF95E-CDD8-4D81-B7DF-EB6E0C69461E} = {BB815ECF-9B66-4A80-8F84-AB4F6D183FD8}
		{67F9D3A8-F71E-4428-913F-C37AE82CDB24} = {4A022C83-B9CA-4759-93B2-2B3DD6955354}
		{8287DD45-2196-416A-8811-B8AC4A7886C1} = {8660C337-3F0F-4820-BEB0-FAA163D8A267}
		{28403A86-5D02-493C-8BAE-5D868F050EDD} = {13D9705D-13CC-4716-8283-C3CEA8E98356}
		{B6187674-C17F-4422-915D-DE97758A3532} = {8660C337-3F0F-4820-BEB0-FAA163D8A267}
		{FE6300DF-5385-4258-98F8-52005F9E9736} = {5C193E57-7BA2-4629-A160-1A9523472F0A}
		{09A6DA44-C447-4189-83FF-A19CFF9F1C5D} = {BE170871-24C9-4757-A46A-F32201A2ADAD}
		{B18DC686-F0D0-4ACE-B37A-C769BC3B47F5} = {8F10E443-31D8-4E3D-8F44-B480FBFB3684}
		{98437592-AF6B-45D7-80CE-653938BB2EFD} = {CEC39B6C-BC3D-4F2F-80C0-02BFF930A5BC}
		{51CC8F2B-E795-4C38-BA7E-8010EF1100F7} = {CEC39B6C-BC3D-4F2F-80C0-02BFF930A5BC}
		{86B9A8C5-D120-4795-888C-30EE771D1071} = {4A022C83-B9CA-4759-93B2-2B3DD6955354}
		{C9ACA67A-8ABE-4252-8D7C-EAFBB471EBA2} = {CEC39B6C-BC3D-4F2F-80C0-02BFF930A5BC}
	EndGlobalSection
	GlobalSection(ExtensibilityGlobals) = postSolution
		SolutionGuid = {93CFC915-AEE5-49CA-A35F-9625B1F7467D}
	EndGlobalSection
	GlobalSection(TeamFoundationVersionControl) = preSolution
		SccNumberOfProjects = 19
		SccEnterpriseProvider = {4CA58AB2-18FA-4F8D-95D4-32DDF27D184C}
		SccTeamFoundationServer = https://proyectosbryan.visualstudio.com/
		SccLocalPath0 = .
		SccProjectUniqueName1 = Xpinn.SportsGo.MVC.Tests\\Xpinn.SportsGo.MVC.Tests.csproj
		SccProjectTopLevelParentUniqueName1 = Xpinn.SportsGo.sln
		SccProjectName1 = Xpinn.SportsGo.MVC.Tests
		SccLocalPath1 = Xpinn.SportsGo.MVC.Tests
		SccProjectUniqueName2 = Xpinn.SportsGo.MVC\\Xpinn.SportsGo.MVC.csproj
		SccProjectTopLevelParentUniqueName2 = Xpinn.SportsGo.sln
		SccProjectName2 = Xpinn.SportsGo.MVC
		SccLocalPath2 = Xpinn.SportsGo.MVC
		SccProjectUniqueName3 = Xpinn.SportsGo.WebAPI.Tests\\Xpinn.SportsGo.WebAPI.Tests.csproj
		SccProjectTopLevelParentUniqueName3 = Xpinn.SportsGo.sln
		SccProjectName3 = Xpinn.SportsGo.WebAPI.Tests
		SccLocalPath3 = Xpinn.SportsGo.WebAPI.Tests
		SccProjectUniqueName4 = Xpinn.SportsGo.WebAPI\\Xpinn.SportsGo.WebAPI.csproj
		SccProjectTopLevelParentUniqueName4 = Xpinn.SportsGo.sln
		SccProjectName4 = Xpinn.SportsGo.WebAPI
		SccLocalPath4 = Xpinn.SportsGo.WebAPI
		SccProjectUniqueName5 = Xpinn.SportsGo.Movil\\Xpinn.SportsGo.Movil.Android\\Xpinn.SportsGo.Movil.Android.csproj
		SccProjectTopLevelParentUniqueName5 = Xpinn.SportsGo.sln
		SccProjectName5 = Xpinn.SportsGo.Movil/Xpinn.SportsGo.Movil.Android
		SccLocalPath5 = Xpinn.SportsGo.Movil\\Xpinn.SportsGo.Movil.Android
		SccProjectUniqueName6 = Xpinn.SportsGo.Movil\\Xpinn.SportsGo.Movil.iOS\\Xpinn.SportsGo.Movil.iOS.csproj
		SccProjectTopLevelParentUniqueName6 = Xpinn.SportsGo.sln
		SccProjectName6 = Xpinn.SportsGo.Movil/Xpinn.SportsGo.Movil.iOS
		SccLocalPath6 = Xpinn.SportsGo.Movil\\Xpinn.SportsGo.Movil.iOS
		SccProjectUniqueName7 = Xpinn.SportsGo.Movil\\Xpinn.SportsGo.Movil\\Xpinn.SportsGo.Movil.csproj
		SccProjectTopLevelParentUniqueName7 = Xpinn.SportsGo.sln
		SccProjectName7 = Xpinn.SportsGo.Movil/Xpinn.SportsGo.Movil
		SccLocalPath7 = Xpinn.SportsGo.Movil\\Xpinn.SportsGo.Movil
		SccProjectUniqueName8 = Xpinn.SportsGo.Entities\\Xpinn.SportsGo.Entities.csproj
		SccProjectTopLevelParentUniqueName8 = Xpinn.SportsGo.sln
		SccProjectName8 = Xpinn.SportsGo.Entities
		SccLocalPath8 = Xpinn.SportsGo.Entities
		SccProjectUniqueName9 = Xpinn.SportsGo.Util\\Xpinn.SportsGo.Util.csproj
		SccProjectTopLevelParentUniqueName9 = Xpinn.SportsGo.sln
		SccProjectName9 = Xpinn.SportsGo.Util
		SccLocalPath9 = Xpinn.SportsGo.Util
		SccProjectUniqueName10 = Xpinn.SportsGo.Services\\Xpinn.SportsGo.Services.csproj
		SccProjectTopLevelParentUniqueName10 = Xpinn.SportsGo.sln
		SccProjectName10 = Xpinn.SportsGo.Services
		SccLocalPath10 = Xpinn.SportsGo.Services
		SccProjectUniqueName11 = Xpinn.SportsGo.Util.Portable\\Xpinn.SportsGo.Util.Portable.csproj
		SccProjectTopLevelParentUniqueName11 = Xpinn.SportsGo.sln
		SccProjectName11 = Xpinn.SportsGo.Util.Portable
		SccLocalPath11 = Xpinn.SportsGo.Util.Portable
		SccProjectUniqueName12 = Xpinn.SportsGo.Util.Tests\\Xpinn.SportsGo.Util.Tests.csproj
		SccProjectTopLevelParentUniqueName12 = Xpinn.SportsGo.sln
		SccProjectName12 = Xpinn.SportsGo.Util.Tests
		SccLocalPath12 = Xpinn.SportsGo.Util.Tests
		SccProjectUniqueName13 = Xpinn.SportsGo.Repositories\\Xpinn.SportsGo.Repositories.csproj
		SccProjectTopLevelParentUniqueName13 = Xpinn.SportsGo.sln
		SccProjectName13 = Xpinn.SportsGo.Repositories
		SccLocalPath13 = Xpinn.SportsGo.Repositories
		SccProjectUniqueName14 = Xpinn.SportsGo.Business\\Xpinn.SportsGo.Business.csproj
		SccProjectTopLevelParentUniqueName14 = Xpinn.SportsGo.sln
		SccProjectName14 = Xpinn.SportsGo.Business
		SccLocalPath14 = Xpinn.SportsGo.Business
		SccProjectUniqueName15 = Xpinn.SportsGo.Repositories.Tests\\Xpinn.SportsGo.Repositories.Tests.csproj
		SccProjectTopLevelParentUniqueName15 = Xpinn.SportsGo.sln
		SccProjectName15 = Xpinn.SportsGo.Repositories.Tests
		SccLocalPath15 = Xpinn.SportsGo.Repositories.Tests
		SccProjectUniqueName16 = Xpinn.SportsGo.Services.Tests\\Xpinn.SportsGo.Services.Tests.csproj
		SccProjectTopLevelParentUniqueName16 = Xpinn.SportsGo.sln
		SccProjectName16 = Xpinn.SportsGo.Services.Tests
		SccLocalPath16 = Xpinn.SportsGo.Services.Tests
		SccProjectUniqueName17 = Xpinn.SportsGo.DomainEntities\\Xpinn.SportsGo.DomainEntities.csproj
		SccProjectTopLevelParentUniqueName17 = Xpinn.SportsGo.sln
		SccProjectName17 = Xpinn.SportsGo.DomainEntities
		SccLocalPath17 = Xpinn.SportsGo.DomainEntities
		SccProjectUniqueName18 = Xpinn.SportsGo.Business.Test\\Xpinn.SportsGo.Business.Test.csproj
		SccProjectTopLevelParentUniqueName18 = Xpinn.SportsGo.sln
		SccProjectName18 = Xpinn.SportsGo.Business.Test
		SccLocalPath18 = Xpinn.SportsGo.Business.Test
	EndGlobalSection
EndGlobal
